// !$*UTF8*$!
{
	archiveVersion = 1;
	classes = {
	};
	objectVersion = 46;
	objects = {

/* Begin PBXBuildFile section */
		BC0AAB9E1A0C79E700232357 /* Icon-120@2x.png in Resources */ = {isa = PBXBuildFile; fileRef = BC0AAB991A0C79E700232357 /* Icon-120@2x.png */; };
		BC0AAB9F1A0C79E700232357 /* Icon-58@2x.png in Resources */ = {isa = PBXBuildFile; fileRef = BC0AAB9A1A0C79E700232357 /* Icon-58@2x.png */; };
		BC0AABA01A0C79E700232357 /* Icon-80@2x.png in Resources */ = {isa = PBXBuildFile; fileRef = BC0AAB9B1A0C79E700232357 /* Icon-80@2x.png */; };
		BC0AABA11A0C79E700232357 /* launchimage-568h@2x.png in Resources */ = {isa = PBXBuildFile; fileRef = BC0AAB9C1A0C79E700232357 /* launchimage-568h@2x.png */; };
		BC0AABA21A0C79E700232357 /* launchimage@2x.png in Resources */ = {isa = PBXBuildFile; fileRef = BC0AAB9D1A0C79E700232357 /* launchimage@2x.png */; };
		BC0AABA61A0C9AA900232357 /* btnbgimg.png in Resources */ = {isa = PBXBuildFile; fileRef = BC0AABA51A0C9AA900232357 /* btnbgimg.png */; };
		BC0B30D21A09C82300581241 /* 0.png in Resources */ = {isa = PBXBuildFile; fileRef = BC0B30C81A09C82300581241 /* 0.png */; };
		BC0B30D31A09C82300581241 /* 1.png in Resources */ = {isa = PBXBuildFile; fileRef = BC0B30C91A09C82300581241 /* 1.png */; };
		BC0B30D41A09C82300581241 /* 2.png in Resources */ = {isa = PBXBuildFile; fileRef = BC0B30CA1A09C82300581241 /* 2.png */; };
		BC0B30D51A09C82300581241 /* 3.png in Resources */ = {isa = PBXBuildFile; fileRef = BC0B30CB1A09C82300581241 /* 3.png */; };
		BC0B30D61A09C82300581241 /* 4.png in Resources */ = {isa = PBXBuildFile; fileRef = BC0B30CC1A09C82300581241 /* 4.png */; };
		BC0B30D71A09C82300581241 /* 5.png in Resources */ = {isa = PBXBuildFile; fileRef = BC0B30CD1A09C82300581241 /* 5.png */; };
		BC0B30D81A09C82300581241 /* 6.png in Resources */ = {isa = PBXBuildFile; fileRef = BC0B30CE1A09C82300581241 /* 6.png */; };
		BC0B30D91A09C82300581241 /* 7.png in Resources */ = {isa = PBXBuildFile; fileRef = BC0B30CF1A09C82300581241 /* 7.png */; };
		BC0B30DA1A09C82300581241 /* 8.png in Resources */ = {isa = PBXBuildFile; fileRef = BC0B30D01A09C82300581241 /* 8.png */; };
		BC0B30DB1A09C82300581241 /* 9.png in Resources */ = {isa = PBXBuildFile; fileRef = BC0B30D11A09C82300581241 /* 9.png */; };
		BC0B30DF1A09D5C200581241 /* wuchangx.png in Resources */ = {isa = PBXBuildFile; fileRef = BC0B30DE1A09D5C200581241 /* wuchangx.png */; };
		BC0B30E11A0A09FC00581241 /* bgimg@2x.png in Resources */ = {isa = PBXBuildFile; fileRef = BC0B30E01A0A09FC00581241 /* bgimg@2x.png */; };
		BC0D30691A0339B50079AF06 /* BnsModel.m in Sources */ = {isa = PBXBuildFile; fileRef = BC0D30681A0339B50079AF06 /* BnsModel.m */; };
		BC0D306D1A033B980079AF06 /* HttpRequestManager.m in Sources */ = {isa = PBXBuildFile; fileRef = BC0D306C1A033B980079AF06 /* HttpRequestManager.m */; };
		BC19EAEF19F49FEB00A3762A /* Foundation.framework in Frameworks */ = {isa = PBXBuildFile; fileRef = BC19EAEE19F49FEB00A3762A /* Foundation.framework */; };
		BC19EAF119F49FEB00A3762A /* CoreGraphics.framework in Frameworks */ = {isa = PBXBuildFile; fileRef = BC19EAF019F49FEB00A3762A /* CoreGraphics.framework */; };
		BC19EAF319F49FEB00A3762A /* UIKit.framework in Frameworks */ = {isa = PBXBuildFile; fileRef = BC19EAF219F49FEB00A3762A /* UIKit.framework */; };
		BC19EAF919F49FEB00A3762A /* InfoPlist.strings in Resources */ = {isa = PBXBuildFile; fileRef = BC19EAF719F49FEB00A3762A /* InfoPlist.strings */; };
		BC19EAFB19F49FEB00A3762A /* main.m in Sources */ = {isa = PBXBuildFile; fileRef = BC19EAFA19F49FEB00A3762A /* main.m */; };
		BC19EAFF19F49FEB00A3762A /* AppDelegate.m in Sources */ = {isa = PBXBuildFile; fileRef = BC19EAFE19F49FEB00A3762A /* AppDelegate.m */; };
		BC19EB0119F49FEB00A3762A /* Images.xcassets in Resources */ = {isa = PBXBuildFile; fileRef = BC19EB0019F49FEB00A3762A /* Images.xcassets */; };
		BC19EB0819F49FEB00A3762A /* XCTest.framework in Frameworks */ = {isa = PBXBuildFile; fileRef = BC19EB0719F49FEB00A3762A /* XCTest.framework */; };
		BC19EB0919F49FEB00A3762A /* Foundation.framework in Frameworks */ = {isa = PBXBuildFile; fileRef = BC19EAEE19F49FEB00A3762A /* Foundation.framework */; };
		BC19EB0A19F49FEB00A3762A /* UIKit.framework in Frameworks */ = {isa = PBXBuildFile; fileRef = BC19EAF219F49FEB00A3762A /* UIKit.framework */; };
		BC19EB1219F49FEB00A3762A /* InfoPlist.strings in Resources */ = {isa = PBXBuildFile; fileRef = BC19EB1019F49FEB00A3762A /* InfoPlist.strings */; };
		BC19EB1419F49FEB00A3762A /* BnSBangTests.m in Sources */ = {isa = PBXBuildFile; fileRef = BC19EB1319F49FEB00A3762A /* BnSBangTests.m */; };
		BC19EB2219F4A05A00A3762A /* MyTabBarController.m in Sources */ = {isa = PBXBuildFile; fileRef = BC19EB2119F4A05A00A3762A /* MyTabBarController.m */; };
		BC19EB2619F4A16B00A3762A /* MainViewController.m in Sources */ = {isa = PBXBuildFile; fileRef = BC19EB2419F4A16B00A3762A /* MainViewController.m */; };
		BC19EB2B19F4A29D00A3762A /* BaguaViewController.m in Sources */ = {isa = PBXBuildFile; fileRef = BC19EB2919F4A29D00A3762A /* BaguaViewController.m */; };
		BC19EB3419F4B04900A3762A /* SrcViewController.m in Sources */ = {isa = PBXBuildFile; fileRef = BC19EB3319F4B04900A3762A /* SrcViewController.m */; };
		BC19EB3619F4B47300A3762A /* image@2x.png in Resources */ = {isa = PBXBuildFile; fileRef = BC19EB3519F4B47300A3762A /* image@2x.png */; };
		BC19EB3819F4B49800A3762A /* imagex@2x.png in Resources */ = {isa = PBXBuildFile; fileRef = BC19EB3719F4B49800A3762A /* imagex@2x.png */; };
		BC19EB3B19F4BA4100A3762A /* DBManager.m in Sources */ = {isa = PBXBuildFile; fileRef = BC19EB3A19F4BA4100A3762A /* DBManager.m */; };
		BC19EB3E19F4BA6900A3762A /* SrcModel.m in Sources */ = {isa = PBXBuildFile; fileRef = BC19EB3D19F4BA6900A3762A /* SrcModel.m */; };
		BC19EB4A19F4BB2900A3762A /* FMDatabase.m in Sources */ = {isa = PBXBuildFile; fileRef = BC19EB4119F4BB2900A3762A /* FMDatabase.m */; settings = {COMPILER_FLAGS = "-fno-objc-arc"; }; };
		BC19EB4B19F4BB2900A3762A /* FMDatabaseAdditions.m in Sources */ = {isa = PBXBuildFile; fileRef = BC19EB4319F4BB2900A3762A /* FMDatabaseAdditions.m */; settings = {COMPILER_FLAGS = "-fno-objc-arc"; }; };
		BC19EB4C19F4BB2900A3762A /* FMDatabasePool.m in Sources */ = {isa = PBXBuildFile; fileRef = BC19EB4519F4BB2900A3762A /* FMDatabasePool.m */; settings = {COMPILER_FLAGS = "-fno-objc-arc"; }; };
		BC19EB4D19F4BB2900A3762A /* FMDatabaseQueue.m in Sources */ = {isa = PBXBuildFile; fileRef = BC19EB4719F4BB2900A3762A /* FMDatabaseQueue.m */; settings = {COMPILER_FLAGS = "-fno-objc-arc"; }; };
		BC19EB4E19F4BB2900A3762A /* FMResultSet.m in Sources */ = {isa = PBXBuildFile; fileRef = BC19EB4919F4BB2900A3762A /* FMResultSet.m */; settings = {COMPILER_FLAGS = "-fno-objc-arc"; }; };
		BC19EB5019F4BEC200A3762A /* libsqlite3.dylib in Frameworks */ = {isa = PBXBuildFile; fileRef = BC19EB4F19F4BEC200A3762A /* libsqlite3.dylib */; };
		BC19EB6C19F535F700A3762A /* SecViewController.m in Sources */ = {isa = PBXBuildFile; fileRef = BC19EB6B19F535F700A3762A /* SecViewController.m */; };
		BC19EB6E19F5379D00A3762A /* PropertyList.plist in Resources */ = {isa = PBXBuildFile; fileRef = BC19EB6D19F5379D00A3762A /* PropertyList.plist */; };
		BC38EB6F1A0A27E0001834A5 /* VideoViewController.m in Sources */ = {isa = PBXBuildFile; fileRef = BC38EB6E1A0A27E0001834A5 /* VideoViewController.m */; };
		BC38EB721A0A292A001834A5 /* EquipViewController.m in Sources */ = {isa = PBXBuildFile; fileRef = BC38EB711A0A292A001834A5 /* EquipViewController.m */; };
		BC38EB7C1A0A36AE001834A5 /* tabbar_bns.png in Resources */ = {isa = PBXBuildFile; fileRef = BC38EB741A0A36AE001834A5 /* tabbar_bns.png */; };
		BC38EB7D1A0A36AE001834A5 /* tabbar_bns@2x.png in Resources */ = {isa = PBXBuildFile; fileRef = BC38EB751A0A36AE001834A5 /* tabbar_bns@2x.png */; };
		BC38EB7E1A0A36AE001834A5 /* tabbar_gl.png in Resources */ = {isa = PBXBuildFile; fileRef = BC38EB761A0A36AE001834A5 /* tabbar_gl.png */; };
		BC38EB7F1A0A36AE001834A5 /* tabbar_gl@2x.png in Resources */ = {isa = PBXBuildFile; fileRef = BC38EB771A0A36AE001834A5 /* tabbar_gl@2x.png */; };
		BC38EB801A0A36AE001834A5 /* tabbar_pic.png in Resources */ = {isa = PBXBuildFile; fileRef = BC38EB781A0A36AE001834A5 /* tabbar_pic.png */; };
		BC38EB811A0A36AE001834A5 /* tabbar_pic@2x.png in Resources */ = {isa = PBXBuildFile; fileRef = BC38EB791A0A36AE001834A5 /* tabbar_pic@2x.png */; };
		BC38EB821A0A36AE001834A5 /* tabbar_video.png in Resources */ = {isa = PBXBuildFile; fileRef = BC38EB7A1A0A36AE001834A5 /* tabbar_video.png */; };
		BC38EB831A0A36AE001834A5 /* tabbar_video@2x.png in Resources */ = {isa = PBXBuildFile; fileRef = BC38EB7B1A0A36AE001834A5 /* tabbar_video@2x.png */; };
		BC38EB861A0A5128001834A5 /* jewelryimg@2x.png in Resources */ = {isa = PBXBuildFile; fileRef = BC38EB841A0A5128001834A5 /* jewelryimg@2x.png */; };
		BC38EB871A0A5128001834A5 /* weaponimg@2x.png in Resources */ = {isa = PBXBuildFile; fileRef = BC38EB851A0A5128001834A5 /* weaponimg@2x.png */; };
		BC38EB891A0A5134001834A5 /* baguaimg@2x.png in Resources */ = {isa = PBXBuildFile; fileRef = BC38EB881A0A5134001834A5 /* baguaimg@2x.png */; };
		BC98E8F21A08CD0300261F9E /* bglogo@2x.png in Resources */ = {isa = PBXBuildFile; fileRef = BC98E8F11A08CD0300261F9E /* bglogo@2x.png */; };
		BC98E8F51A08D13600261F9E /* JewelryViewController.m in Sources */ = {isa = PBXBuildFile; fileRef = BC98E8F41A08D13600261F9E /* JewelryViewController.m */; };
		BC98E8F71A08D82700261F9E /* bgjewelry@2x.png in Resources */ = {isa = PBXBuildFile; fileRef = BC98E8F61A08D82700261F9E /* bgjewelry@2x.png */; };
		BC98E8F91A08D9D200261F9E /* bgweapon@2x.png in Resources */ = {isa = PBXBuildFile; fileRef = BC98E8F81A08D9D200261F9E /* bgweapon@2x.png */; };
		BC98E8FF1A08DC6500261F9E /* bgbagua.png in Resources */ = {isa = PBXBuildFile; fileRef = BC98E8FE1A08DC6500261F9E /* bgbagua.png */; };
		BC98E9011A08EAB200261F9E /* WeaponList.plist in Resources */ = {isa = PBXBuildFile; fileRef = BC98E9001A08EAB200261F9E /* WeaponList.plist */; };
		BC98E9041A08F0B200261F9E /* MainModel.m in Sources */ = {isa = PBXBuildFile; fileRef = BC98E9031A08F0B200261F9E /* MainModel.m */; };
		BC98E9071A08F10300261F9E /* BaseModel.m in Sources */ = {isa = PBXBuildFile; fileRef = BC98E9061A08F10300261F9E /* BaseModel.m */; };
		BC98E90B1A08F6A100261F9E /* MainViewCell.m in Sources */ = {isa = PBXBuildFile; fileRef = BC98E9091A08F6A100261F9E /* MainViewCell.m */; };
		BC98E90C1A08F6A100261F9E /* MainViewCell.xib in Resources */ = {isa = PBXBuildFile; fileRef = BC98E90A1A08F6A100261F9E /* MainViewCell.xib */; };
		BC98E90E1A08FC7400261F9E /* JewelryList.plist in Resources */ = {isa = PBXBuildFile; fileRef = BC98E90D1A08FC7400261F9E /* JewelryList.plist */; };
		BC98E91C1A09065D00261F9E /* bqcq@2x.png in Resources */ = {isa = PBXBuildFile; fileRef = BC98E9101A09065D00261F9E /* bqcq@2x.png */; };
		BC98E91D1A09065D00261F9E /* bqcqfull.png in Resources */ = {isa = PBXBuildFile; fileRef = BC98E9111A09065D00261F9E /* bqcqfull.png */; };
		BC98E91E1A09065D00261F9E /* bqdd@2x.png in Resources */ = {isa = PBXBuildFile; fileRef = BC98E9121A09065D00261F9E /* bqdd@2x.png */; };
		BC98E91F1A09065D00261F9E /* bqddfull.png in Resources */ = {isa = PBXBuildFile; fileRef = BC98E9131A09065D00261F9E /* bqddfull.png */; };
		BC98E9201A09065D00261F9E /* shexie@2x.png in Resources */ = {isa = PBXBuildFile; fileRef = BC98E9141A09065D00261F9E /* shexie@2x.png */; };
		BC98E9211A09065D00261F9E /* shexiefull.png in Resources */ = {isa = PBXBuildFile; fileRef = BC98E9151A09065D00261F9E /* shexiefull.png */; };
		BC98E9221A09065D00261F9E /* tianlong@2x.png in Resources */ = {isa = PBXBuildFile; fileRef = BC98E9161A09065D00261F9E /* tianlong@2x.png */; };
		BC98E9231A09065D00261F9E /* tianlongfull.png in Resources */ = {isa = PBXBuildFile; fileRef = BC98E9171A09065D00261F9E /* tianlongfull.png */; };
		BC98E9241A09065D00261F9E /* xiuluo@2x.png in Resources */ = {isa = PBXBuildFile; fileRef = BC98E9181A09065D00261F9E /* xiuluo@2x.png */; };
		BC98E9251A09065D00261F9E /* xiuluofull.png in Resources */ = {isa = PBXBuildFile; fileRef = BC98E9191A09065D00261F9E /* xiuluofull.png */; };
		BC98E9261A09065D00261F9E /* xueren@2x.png in Resources */ = {isa = PBXBuildFile; fileRef = BC98E91A1A09065D00261F9E /* xueren@2x.png */; };
		BC98E9271A09065D00261F9E /* xuerenfull.png in Resources */ = {isa = PBXBuildFile; fileRef = BC98E91B1A09065D00261F9E /* xuerenfull.png */; };
		BC98E9291A0906B200261F9E /* BaguaList.plist in Resources */ = {isa = PBXBuildFile; fileRef = BC98E9281A0906B200261F9E /* BaguaList.plist */; };
		BCBC0BD71A0B9623007266C7 /* MyScrollView.m in Sources */ = {isa = PBXBuildFile; fileRef = BCBC0BD61A0B9623007266C7 /* MyScrollView.m */; };
		BCEE0E041A076DED0077E890 /* LICENSE in Resources */ = {isa = PBXBuildFile; fileRef = BCEE0DF01A076DED0077E890 /* LICENSE */; };
		BCEE0E051A076DED0077E890 /* README.md in Resources */ = {isa = PBXBuildFile; fileRef = BCEE0DF11A076DED0077E890 /* README.md */; };
		BCEE0E061A076DED0077E890 /* SDImageCache.m in Sources */ = {isa = PBXBuildFile; fileRef = BCEE0DF31A076DED0077E890 /* SDImageCache.m */; settings = {COMPILER_FLAGS = "-fno-objc-arc"; }; };
		BCEE0E071A076DED0077E890 /* SDWebImageDecoder.m in Sources */ = {isa = PBXBuildFile; fileRef = BCEE0DF71A076DED0077E890 /* SDWebImageDecoder.m */; settings = {COMPILER_FLAGS = "-fno-objc-arc"; }; };
		BCEE0E081A076DED0077E890 /* SDWebImageDownloader.m in Sources */ = {isa = PBXBuildFile; fileRef = BCEE0DF91A076DED0077E890 /* SDWebImageDownloader.m */; settings = {COMPILER_FLAGS = "-fno-objc-arc"; }; };
		BCEE0E091A076DED0077E890 /* SDWebImageManager.m in Sources */ = {isa = PBXBuildFile; fileRef = BCEE0DFC1A076DED0077E890 /* SDWebImageManager.m */; settings = {COMPILER_FLAGS = "-fno-objc-arc"; }; };
		BCEE0E0A1A076DED0077E890 /* SDWebImagePrefetcher.m in Sources */ = {isa = PBXBuildFile; fileRef = BCEE0DFF1A076DED0077E890 /* SDWebImagePrefetcher.m */; settings = {COMPILER_FLAGS = "-fno-objc-arc"; }; };
		BCEE0E0B1A076DED0077E890 /* UIButton+WebCache.m in Sources */ = {isa = PBXBuildFile; fileRef = BCEE0E011A076DED0077E890 /* UIButton+WebCache.m */; settings = {COMPILER_FLAGS = "-fno-objc-arc"; }; };
		BCEE0E0C1A076DED0077E890 /* UIImageView+WebCache.m in Sources */ = {isa = PBXBuildFile; fileRef = BCEE0E031A076DED0077E890 /* UIImageView+WebCache.m */; settings = {COMPILER_FLAGS = "-fno-objc-arc"; }; };
		BCEE0E101A076ED20077E890 /* BnsViewCell.m in Sources */ = {isa = PBXBuildFile; fileRef = BCEE0E0E1A076ED20077E890 /* BnsViewCell.m */; };
		BCEE0E111A076ED20077E890 /* BnsViewCell.xib in Resources */ = {isa = PBXBuildFile; fileRef = BCEE0E0F1A076ED20077E890 /* BnsViewCell.xib */; };
		BCEE0E131A0774920077E890 /* weaponx@2x.png in Resources */ = {isa = PBXBuildFile; fileRef = BCEE0E121A0774920077E890 /* weaponx@2x.png */; };
		BCEE0E161A07813C0077E890 /* DetailViewController.m in Sources */ = {isa = PBXBuildFile; fileRef = BCEE0E151A07813C0077E890 /* DetailViewController.m */; };
		BCEE0E1D1A07A1F60077E890 /* blueArrow.png in Resources */ = {isa = PBXBuildFile; fileRef = BCEE0E181A07A1F60077E890 /* blueArrow.png */; };
		BCEE0E1E1A07A1F60077E890 /* blueArrow@2x.png in Resources */ = {isa = PBXBuildFile; fileRef = BCEE0E191A07A1F60077E890 /* blueArrow@2x.png */; };
		BCEE0E1F1A07A1F60077E890 /* RefreshView.m in Sources */ = {isa = PBXBuildFile; fileRef = BCEE0E1B1A07A1F60077E890 /* RefreshView.m */; settings = {COMPILER_FLAGS = "-fno-objc-arc"; }; };
		BCEE0E201A07A1F60077E890 /* RefreshView.xib in Resources */ = {isa = PBXBuildFile; fileRef = BCEE0E1C1A07A1F60077E890 /* RefreshView.xib */; };
		BCF10A9F1A070C9600F8F16D /* bagua@2x.png in Resources */ = {isa = PBXBuildFile; fileRef = BCF10A851A070C9600F8F16D /* bagua@2x.png */; };
		BCF10AA01A070C9600F8F16D /* baixing.png in Resources */ = {isa = PBXBuildFile; fileRef = BCF10A861A070C9600F8F16D /* baixing.png */; };
		BCF10AA11A070C9600F8F16D /* chixing.png in Resources */ = {isa = PBXBuildFile; fileRef = BCF10A871A070C9600F8F16D /* chixing.png */; };
		BCF10AA21A070C9600F8F16D /* fenghun.png in Resources */ = {isa = PBXBuildFile; fileRef = BCF10A881A070C9600F8F16D /* fenghun.png */; };
		BCF10AA31A070C9600F8F16D /* heixing.png in Resources */ = {isa = PBXBuildFile; fileRef = BCF10A891A070C9600F8F16D /* heixing.png */; };
		BCF10AA41A070C9600F8F16D /* huangxing.png in Resources */ = {isa = PBXBuildFile; fileRef = BCF10A8A1A070C9600F8F16D /* huangxing.png */; };
		BCF10AA51A070C9600F8F16D /* jewelry@2x.png in Resources */ = {isa = PBXBuildFile; fileRef = BCF10A8B1A070C9600F8F16D /* jewelry@2x.png */; };
		BCF10AA61A070C9600F8F16D /* jienan.png in Resources */ = {isa = PBXBuildFile; fileRef = BCF10A8C1A070C9600F8F16D /* jienan.png */; };
		BCF10AA71A070C9600F8F16D /* qingxing.png in Resources */ = {isa = PBXBuildFile; fileRef = BCF10A8D1A070C9600F8F16D /* qingxing.png */; };
		BCF10AB21A070C9600F8F16D /* shangfang.png in Resources */ = {isa = PBXBuildFile; fileRef = BCF10A981A070C9600F8F16D /* shangfang.png */; };
		BCF10AB31A070C9600F8F16D /* shenghun.png in Resources */ = {isa = PBXBuildFile; fileRef = BCF10A991A070C9600F8F16D /* shenghun.png */; };
		BCF10AB41A070C9600F8F16D /* weapon@2x.png in Resources */ = {isa = PBXBuildFile; fileRef = BCF10A9A1A070C9600F8F16D /* weapon@2x.png */; };
		BCF10AB51A070C9600F8F16D /* wuchang.png in Resources */ = {isa = PBXBuildFile; fileRef = BCF10A9B1A070C9600F8F16D /* wuchang.png */; };
		BCF10AB61A070C9600F8F16D /* wuxing10@2x.png in Resources */ = {isa = PBXBuildFile; fileRef = BCF10A9C1A070C9600F8F16D /* wuxing10@2x.png */; };
		BCF10AB71A070C9600F8F16D /* wuxing.png in Resources */ = {isa = PBXBuildFile; fileRef = BCF10A9D1A070C9600F8F16D /* wuxing.png */; };
		BCF10AB81A070C9600F8F16D /* yanhun.png in Resources */ = {isa = PBXBuildFile; fileRef = BCF10A9E1A070C9600F8F16D /* yanhun.png */; };
		BCF10AFE1A071F2900F8F16D /* source@2x.png in Resources */ = {isa = PBXBuildFile; fileRef = BCF10AFD1A071F2900F8F16D /* source@2x.png */; };
		BCF10B011A07218800F8F16D /* bns@2x.png in Resources */ = {isa = PBXBuildFile; fileRef = BCF10AFF1A07218800F8F16D /* bns@2x.png */; };
		BCF10B021A07218800F8F16D /* bnsx@2x.png in Resources */ = {isa = PBXBuildFile; fileRef = BCF10B001A07218800F8F16D /* bnsx@2x.png */; };
		BCF10B061A07278400F8F16D /* main@2x.png in Resources */ = {isa = PBXBuildFile; fileRef = BCF10B051A07278400F8F16D /* main@2x.png */; };
		BCF10B0A1A072E8C00F8F16D /* sourcex@2x.png in Resources */ = {isa = PBXBuildFile; fileRef = BCF10B091A072E8C00F8F16D /* sourcex@2x.png */; };
		BCF10B941A076A9800F8F16D /* baguax@2x.png in Resources */ = {isa = PBXBuildFile; fileRef = BCF10B931A076A9800F8F16D /* baguax@2x.png */; };
		BCF872EB1A02695100950D32 /* BnsViewController.m in Sources */ = {isa = PBXBuildFile; fileRef = BCF872EA1A02695100950D32 /* BnsViewController.m */; };
		BCFD31811A0B09C80007F384 /* bglogoblack@2x.png in Resources */ = {isa = PBXBuildFile; fileRef = BCFD31801A0B09C80007F384 /* bglogoblack@2x.png */; };
		BCFD31841A0B128C0007F384 /* ProViewController.m in Sources */ = {isa = PBXBuildFile; fileRef = BCFD31831A0B128C0007F384 /* ProViewController.m */; };
		BCFD31881A0B149D0007F384 /* ProViewCell.m in Sources */ = {isa = PBXBuildFile; fileRef = BCFD31861A0B149D0007F384 /* ProViewCell.m */; };
		BCFD31891A0B149D0007F384 /* ProViewCell.xib in Resources */ = {isa = PBXBuildFile; fileRef = BCFD31871A0B149D0007F384 /* ProViewCell.xib */; };
		BCFD31911A0B1C0D0007F384 /* ckzy@2x.png in Resources */ = {isa = PBXBuildFile; fileRef = BCFD318A1A0B1C0D0007F384 /* ckzy@2x.png */; };
		BCFD31921A0B1C0D0007F384 /* jszy@2x.png in Resources */ = {isa = PBXBuildFile; fileRef = BCFD318B1A0B1C0D0007F384 /* jszy@2x.png */; };
		BCFD31931A0B1C0D0007F384 /* ljzy@2x.png in Resources */ = {isa = PBXBuildFile; fileRef = BCFD318C1A0B1C0D0007F384 /* ljzy@2x.png */; };
		BCFD31941A0B1C0D0007F384 /* lszy@2x.png in Resources */ = {isa = PBXBuildFile; fileRef = BCFD318D1A0B1C0D0007F384 /* lszy@2x.png */; };
		BCFD31951A0B1C0D0007F384 /* qgzy@2x.png in Resources */ = {isa = PBXBuildFile; fileRef = BCFD318E1A0B1C0D0007F384 /* qgzy@2x.png */; };
		BCFD31961A0B1C0D0007F384 /* qszy@2x.png in Resources */ = {isa = PBXBuildFile; fileRef = BCFD318F1A0B1C0D0007F384 /* qszy@2x.png */; };
		BCFD31971A0B1C0D0007F384 /* zhzy@2x.png in Resources */ = {isa = PBXBuildFile; fileRef = BCFD31901A0B1C0D0007F384 /* zhzy@2x.png */; };
		BCFD319F1A0B23B10007F384 /* cklogo@2x.png in Resources */ = {isa = PBXBuildFile; fileRef = BCFD31981A0B23B10007F384 /* cklogo@2x.png */; };
		BCFD31A01A0B23B10007F384 /* jslogo@2x.png in Resources */ = {isa = PBXBuildFile; fileRef = BCFD31991A0B23B10007F384 /* jslogo@2x.png */; };
		BCFD31A11A0B23B10007F384 /* ljlogo@2x.png in Resources */ = {isa = PBXBuildFile; fileRef = BCFD319A1A0B23B10007F384 /* ljlogo@2x.png */; };
		BCFD31A21A0B23B10007F384 /* lslogo@2x.png in Resources */ = {isa = PBXBuildFile; fileRef = BCFD319B1A0B23B10007F384 /* lslogo@2x.png */; };
		BCFD31A31A0B23B10007F384 /* qglogo@2x.png in Resources */ = {isa = PBXBuildFile; fileRef = BCFD319C1A0B23B10007F384 /* qglogo@2x.png */; };
		BCFD31A41A0B23B10007F384 /* qslogo@2x.png in Resources */ = {isa = PBXBuildFile; fileRef = BCFD319D1A0B23B10007F384 /* qslogo@2x.png */; };
		BCFD31A51A0B23B10007F384 /* zhlogo@2x.png in Resources */ = {isa = PBXBuildFile; fileRef = BCFD319E1A0B23B10007F384 /* zhlogo@2x.png */; };
		BCFD31A91A0B2EBA0007F384 /* biwu@2x.png in Resources */ = {isa = PBXBuildFile; fileRef = BCFD31A61A0B2EBA0007F384 /* biwu@2x.png */; };
		BCFD31AA1A0B2EBA0007F384 /* danshua@2x.png in Resources */ = {isa = PBXBuildFile; fileRef = BCFD31A71A0B2EBA0007F384 /* danshua@2x.png */; };
		BCFD31AB1A0B2EBA0007F384 /* lianzhao@2x.png in Resources */ = {isa = PBXBuildFile; fileRef = BCFD31A81A0B2EBA0007F384 /* lianzhao@2x.png */; };
		BCFD31AD1A0B3B150007F384 /* ProList.plist in Resources */ = {isa = PBXBuildFile; fileRef = BCFD31AC1A0B3B150007F384 /* ProList.plist */; };
		BCFD31B01A0B3DFA0007F384 /* ProModel.m in Sources */ = {isa = PBXBuildFile; fileRef = BCFD31AF1A0B3DFA0007F384 /* ProModel.m */; };
		BCFD31B21A0B43F70007F384 /* labelbg.png in Resources */ = {isa = PBXBuildFile; fileRef = BCFD31B11A0B43F70007F384 /* labelbg.png */; };
		BCFD31B81A0B493B0007F384 /* ckbglabel.png in Resources */ = {isa = PBXBuildFile; fileRef = BCFD31B31A0B493B0007F384 /* ckbglabel.png */; };
		BCFD31B91A0B493B0007F384 /* lsbglabel.png in Resources */ = {isa = PBXBuildFile; fileRef = BCFD31B41A0B493B0007F384 /* lsbglabel.png */; };
		BCFD31BA1A0B493B0007F384 /* qgbglabel.png in Resources */ = {isa = PBXBuildFile; fileRef = BCFD31B51A0B493B0007F384 /* qgbglabel.png */; };
		BCFD31BB1A0B493B0007F384 /* qsbglabel.png in Resources */ = {isa = PBXBuildFile; fileRef = BCFD31B61A0B493B0007F384 /* qsbglabel.png */; };
		BCFD31BC1A0B493B0007F384 /* zhbglabel.png in Resources */ = {isa = PBXBuildFile; fileRef = BCFD31B71A0B493B0007F384 /* zhbglabel.png */; };
		BCFD31BF1A0B4E990007F384 /* ListViewController.m in Sources */ = {isa = PBXBuildFile; fileRef = BCFD31BE1A0B4E990007F384 /* ListViewController.m */; };
/* End PBXBuildFile section */

/* Begin PBXContainerItemProxy section */
		BC19EB0B19F49FEB00A3762A /* PBXContainerItemProxy */ = {
			isa = PBXContainerItemProxy;
			containerPortal = BC19EAE319F49FEB00A3762A /* Project object */;
			proxyType = 1;
			remoteGlobalIDString = BC19EAEA19F49FEB00A3762A;
			remoteInfo = BnSBang;
		};
/* End PBXContainerItemProxy section */

/* Begin PBXFileReference section */
		BC0AAB991A0C79E700232357 /* Icon-120@2x.png */ = {isa = PBXFileReference; lastKnownFileType = image.png; path = "Icon-120@2x.png"; sourceTree = "<group>"; };
		BC0AAB9A1A0C79E700232357 /* Icon-58@2x.png */ = {isa = PBXFileReference; lastKnownFileType = image.png; path = "Icon-58@2x.png"; sourceTree = "<group>"; };
		BC0AAB9B1A0C79E700232357 /* Icon-80@2x.png */ = {isa = PBXFileReference; lastKnownFileType = image.png; path = "Icon-80@2x.png"; sourceTree = "<group>"; };
		BC0AAB9C1A0C79E700232357 /* launchimage-568h@2x.png */ = {isa = PBXFileReference; lastKnownFileType = image.png; path = "launchimage-568h@2x.png"; sourceTree = "<group>"; };
		BC0AAB9D1A0C79E700232357 /* launchimage@2x.png */ = {isa = PBXFileReference; lastKnownFileType = image.png; path = "launchimage@2x.png"; sourceTree = "<group>"; };
		BC0AABA51A0C9AA900232357 /* btnbgimg.png */ = {isa = PBXFileReference; lastKnownFileType = image.png; path = btnbgimg.png; sourceTree = "<group>"; };
		BC0B30C81A09C82300581241 /* 0.png */ = {isa = PBXFileReference; lastKnownFileType = image.png; path = 0.png; sourceTree = "<group>"; };
		BC0B30C91A09C82300581241 /* 1.png */ = {isa = PBXFileReference; lastKnownFileType = image.png; path = 1.png; sourceTree = "<group>"; };
		BC0B30CA1A09C82300581241 /* 2.png */ = {isa = PBXFileReference; lastKnownFileType = image.png; path = 2.png; sourceTree = "<group>"; };
		BC0B30CB1A09C82300581241 /* 3.png */ = {isa = PBXFileReference; lastKnownFileType = image.png; path = 3.png; sourceTree = "<group>"; };
		BC0B30CC1A09C82300581241 /* 4.png */ = {isa = PBXFileReference; lastKnownFileType = image.png; path = 4.png; sourceTree = "<group>"; };
		BC0B30CD1A09C82300581241 /* 5.png */ = {isa = PBXFileReference; lastKnownFileType = image.png; path = 5.png; sourceTree = "<group>"; };
		BC0B30CE1A09C82300581241 /* 6.png */ = {isa = PBXFileReference; lastKnownFileType = image.png; path = 6.png; sourceTree = "<group>"; };
		BC0B30CF1A09C82300581241 /* 7.png */ = {isa = PBXFileReference; lastKnownFileType = image.png; path = 7.png; sourceTree = "<group>"; };
		BC0B30D01A09C82300581241 /* 8.png */ = {isa = PBXFileReference; lastKnownFileType = image.png; path = 8.png; sourceTree = "<group>"; };
		BC0B30D11A09C82300581241 /* 9.png */ = {isa = PBXFileReference; lastKnownFileType = image.png; path = 9.png; sourceTree = "<group>"; };
		BC0B30DC1A09D19E00581241 /* zh-Hans */ = {isa = PBXFileReference; lastKnownFileType = text.plist.strings; name = "zh-Hans"; path = "zh-Hans.lproj/InfoPlist.strings"; sourceTree = "<group>"; };
		BC0B30DD1A09D19E00581241 /* zh-Hans */ = {isa = PBXFileReference; lastKnownFileType = text.plist.strings; name = "zh-Hans"; path = "zh-Hans.lproj/InfoPlist.strings"; sourceTree = "<group>"; };
		BC0B30DE1A09D5C200581241 /* wuchangx.png */ = {isa = PBXFileReference; lastKnownFileType = image.png; path = wuchangx.png; sourceTree = "<group>"; };
		BC0B30E01A0A09FC00581241 /* bgimg@2x.png */ = {isa = PBXFileReference; lastKnownFileType = image.png; path = "bgimg@2x.png"; sourceTree = "<group>"; };
		BC0D30671A0339B50079AF06 /* BnsModel.h */ = {isa = PBXFileReference; fileEncoding = 4; lastKnownFileType = sourcecode.c.h; path = BnsModel.h; sourceTree = "<group>"; };
		BC0D30681A0339B50079AF06 /* BnsModel.m */ = {isa = PBXFileReference; fileEncoding = 4; lastKnownFileType = sourcecode.c.objc; path = BnsModel.m; sourceTree = "<group>"; };
		BC0D306B1A033B980079AF06 /* HttpRequestManager.h */ = {isa = PBXFileReference; fileEncoding = 4; lastKnownFileType = sourcecode.c.h; path = HttpRequestManager.h; sourceTree = "<group>"; };
		BC0D306C1A033B980079AF06 /* HttpRequestManager.m */ = {isa = PBXFileReference; fileEncoding = 4; lastKnownFileType = sourcecode.c.objc; path = HttpRequestManager.m; sourceTree = "<group>"; };
		BC19EAEB19F49FEB00A3762A /* BnSBang.app */ = {isa = PBXFileReference; explicitFileType = wrapper.application; includeInIndex = 0; path = BnSBang.app; sourceTree = BUILT_PRODUCTS_DIR; };
		BC19EAEE19F49FEB00A3762A /* Foundation.framework */ = {isa = PBXFileReference; lastKnownFileType = wrapper.framework; name = Foundation.framework; path = System/Library/Frameworks/Foundation.framework; sourceTree = SDKROOT; };
		BC19EAF019F49FEB00A3762A /* CoreGraphics.framework */ = {isa = PBXFileReference; lastKnownFileType = wrapper.framework; name = CoreGraphics.framework; path = System/Library/Frameworks/CoreGraphics.framework; sourceTree = SDKROOT; };
		BC19EAF219F49FEB00A3762A /* UIKit.framework */ = {isa = PBXFileReference; lastKnownFileType = wrapper.framework; name = UIKit.framework; path = System/Library/Frameworks/UIKit.framework; sourceTree = SDKROOT; };
		BC19EAF619F49FEB00A3762A /* BnSBang-Info.plist */ = {isa = PBXFileReference; lastKnownFileType = text.plist.xml; path = "BnSBang-Info.plist"; sourceTree = "<group>"; };
		BC19EAF819F49FEB00A3762A /* en */ = {isa = PBXFileReference; lastKnownFileType = text.plist.strings; name = en; path = en.lproj/InfoPlist.strings; sourceTree = "<group>"; };
		BC19EAFA19F49FEB00A3762A /* main.m */ = {isa = PBXFileReference; lastKnownFileType = sourcecode.c.objc; path = main.m; sourceTree = "<group>"; };
		BC19EAFC19F49FEB00A3762A /* BnSBang-Prefix.pch */ = {isa = PBXFileReference; lastKnownFileType = sourcecode.c.h; path = "BnSBang-Prefix.pch"; sourceTree = "<group>"; };
		BC19EAFD19F49FEB00A3762A /* AppDelegate.h */ = {isa = PBXFileReference; lastKnownFileType = sourcecode.c.h; path = AppDelegate.h; sourceTree = "<group>"; };
		BC19EAFE19F49FEB00A3762A /* AppDelegate.m */ = {isa = PBXFileReference; lastKnownFileType = sourcecode.c.objc; path = AppDelegate.m; sourceTree = "<group>"; };
		BC19EB0019F49FEB00A3762A /* Images.xcassets */ = {isa = PBXFileReference; lastKnownFileType = folder.assetcatalog; path = Images.xcassets; sourceTree = "<group>"; };
		BC19EB0619F49FEB00A3762A /* BnSBangTests.xctest */ = {isa = PBXFileReference; explicitFileType = wrapper.cfbundle; includeInIndex = 0; path = BnSBangTests.xctest; sourceTree = BUILT_PRODUCTS_DIR; };
		BC19EB0719F49FEB00A3762A /* XCTest.framework */ = {isa = PBXFileReference; lastKnownFileType = wrapper.framework; name = XCTest.framework; path = Library/Frameworks/XCTest.framework; sourceTree = DEVELOPER_DIR; };
		BC19EB0F19F49FEB00A3762A /* BnSBangTests-Info.plist */ = {isa = PBXFileReference; lastKnownFileType = text.plist.xml; path = "BnSBangTests-Info.plist"; sourceTree = "<group>"; };
		BC19EB1119F49FEB00A3762A /* en */ = {isa = PBXFileReference; lastKnownFileType = text.plist.strings; name = en; path = en.lproj/InfoPlist.strings; sourceTree = "<group>"; };
		BC19EB1319F49FEB00A3762A /* BnSBangTests.m */ = {isa = PBXFileReference; lastKnownFileType = sourcecode.c.objc; path = BnSBangTests.m; sourceTree = "<group>"; };
		BC19EB2019F4A05A00A3762A /* MyTabBarController.h */ = {isa = PBXFileReference; fileEncoding = 4; lastKnownFileType = sourcecode.c.h; path = MyTabBarController.h; sourceTree = "<group>"; };
		BC19EB2119F4A05A00A3762A /* MyTabBarController.m */ = {isa = PBXFileReference; fileEncoding = 4; lastKnownFileType = sourcecode.c.objc; path = MyTabBarController.m; sourceTree = "<group>"; };
		BC19EB2319F4A16B00A3762A /* MainViewController.h */ = {isa = PBXFileReference; fileEncoding = 4; lastKnownFileType = sourcecode.c.h; path = MainViewController.h; sourceTree = "<group>"; };
		BC19EB2419F4A16B00A3762A /* MainViewController.m */ = {isa = PBXFileReference; fileEncoding = 4; lastKnownFileType = sourcecode.c.objc; path = MainViewController.m; sourceTree = "<group>"; };
		BC19EB2819F4A29D00A3762A /* BaguaViewController.h */ = {isa = PBXFileReference; fileEncoding = 4; lastKnownFileType = sourcecode.c.h; path = BaguaViewController.h; sourceTree = "<group>"; };
		BC19EB2919F4A29D00A3762A /* BaguaViewController.m */ = {isa = PBXFileReference; fileEncoding = 4; lastKnownFileType = sourcecode.c.objc; path = BaguaViewController.m; sourceTree = "<group>"; };
		BC19EB3219F4B04900A3762A /* SrcViewController.h */ = {isa = PBXFileReference; fileEncoding = 4; lastKnownFileType = sourcecode.c.h; path = SrcViewController.h; sourceTree = "<group>"; };
		BC19EB3319F4B04900A3762A /* SrcViewController.m */ = {isa = PBXFileReference; fileEncoding = 4; lastKnownFileType = sourcecode.c.objc; path = SrcViewController.m; sourceTree = "<group>"; };
		BC19EB3519F4B47300A3762A /* image@2x.png */ = {isa = PBXFileReference; lastKnownFileType = image.png; path = "image@2x.png"; sourceTree = "<group>"; };
		BC19EB3719F4B49800A3762A /* imagex@2x.png */ = {isa = PBXFileReference; lastKnownFileType = image.png; path = "imagex@2x.png"; sourceTree = "<group>"; };
		BC19EB3919F4BA4100A3762A /* DBManager.h */ = {isa = PBXFileReference; fileEncoding = 4; lastKnownFileType = sourcecode.c.h; path = DBManager.h; sourceTree = "<group>"; };
		BC19EB3A19F4BA4100A3762A /* DBManager.m */ = {isa = PBXFileReference; fileEncoding = 4; lastKnownFileType = sourcecode.c.objc; path = DBManager.m; sourceTree = "<group>"; };
		BC19EB3C19F4BA6900A3762A /* SrcModel.h */ = {isa = PBXFileReference; fileEncoding = 4; lastKnownFileType = sourcecode.c.h; path = SrcModel.h; sourceTree = "<group>"; };
		BC19EB3D19F4BA6900A3762A /* SrcModel.m */ = {isa = PBXFileReference; fileEncoding = 4; lastKnownFileType = sourcecode.c.objc; path = SrcModel.m; sourceTree = "<group>"; };
		BC19EB4019F4BB2900A3762A /* FMDatabase.h */ = {isa = PBXFileReference; fileEncoding = 4; lastKnownFileType = sourcecode.c.h; path = FMDatabase.h; sourceTree = "<group>"; };
		BC19EB4119F4BB2900A3762A /* FMDatabase.m */ = {isa = PBXFileReference; fileEncoding = 4; lastKnownFileType = sourcecode.c.objc; path = FMDatabase.m; sourceTree = "<group>"; };
		BC19EB4219F4BB2900A3762A /* FMDatabaseAdditions.h */ = {isa = PBXFileReference; fileEncoding = 4; lastKnownFileType = sourcecode.c.h; path = FMDatabaseAdditions.h; sourceTree = "<group>"; };
		BC19EB4319F4BB2900A3762A /* FMDatabaseAdditions.m */ = {isa = PBXFileReference; fileEncoding = 4; lastKnownFileType = sourcecode.c.objc; path = FMDatabaseAdditions.m; sourceTree = "<group>"; };
		BC19EB4419F4BB2900A3762A /* FMDatabasePool.h */ = {isa = PBXFileReference; fileEncoding = 4; lastKnownFileType = sourcecode.c.h; path = FMDatabasePool.h; sourceTree = "<group>"; };
		BC19EB4519F4BB2900A3762A /* FMDatabasePool.m */ = {isa = PBXFileReference; fileEncoding = 4; lastKnownFileType = sourcecode.c.objc; path = FMDatabasePool.m; sourceTree = "<group>"; };
		BC19EB4619F4BB2900A3762A /* FMDatabaseQueue.h */ = {isa = PBXFileReference; fileEncoding = 4; lastKnownFileType = sourcecode.c.h; path = FMDatabaseQueue.h; sourceTree = "<group>"; };
		BC19EB4719F4BB2900A3762A /* FMDatabaseQueue.m */ = {isa = PBXFileReference; fileEncoding = 4; lastKnownFileType = sourcecode.c.objc; path = FMDatabaseQueue.m; sourceTree = "<group>"; };
		BC19EB4819F4BB2900A3762A /* FMResultSet.h */ = {isa = PBXFileReference; fileEncoding = 4; lastKnownFileType = sourcecode.c.h; path = FMResultSet.h; sourceTree = "<group>"; };
		BC19EB4919F4BB2900A3762A /* FMResultSet.m */ = {isa = PBXFileReference; fileEncoding = 4; lastKnownFileType = sourcecode.c.objc; path = FMResultSet.m; sourceTree = "<group>"; };
		BC19EB4F19F4BEC200A3762A /* libsqlite3.dylib */ = {isa = PBXFileReference; lastKnownFileType = "compiled.mach-o.dylib"; name = libsqlite3.dylib; path = usr/lib/libsqlite3.dylib; sourceTree = SDKROOT; };
		BC19EB6A19F535F700A3762A /* SecViewController.h */ = {isa = PBXFileReference; fileEncoding = 4; lastKnownFileType = sourcecode.c.h; path = SecViewController.h; sourceTree = "<group>"; };
		BC19EB6B19F535F700A3762A /* SecViewController.m */ = {isa = PBXFileReference; fileEncoding = 4; lastKnownFileType = sourcecode.c.objc; path = SecViewController.m; sourceTree = "<group>"; };
		BC19EB6D19F5379D00A3762A /* PropertyList.plist */ = {isa = PBXFileReference; fileEncoding = 4; lastKnownFileType = text.plist.xml; path = PropertyList.plist; sourceTree = "<group>"; };
		BC38EB6D1A0A27E0001834A5 /* VideoViewController.h */ = {isa = PBXFileReference; fileEncoding = 4; lastKnownFileType = sourcecode.c.h; path = VideoViewController.h; sourceTree = "<group>"; };
		BC38EB6E1A0A27E0001834A5 /* VideoViewController.m */ = {isa = PBXFileReference; fileEncoding = 4; lastKnownFileType = sourcecode.c.objc; path = VideoViewController.m; sourceTree = "<group>"; };
		BC38EB701A0A292A001834A5 /* EquipViewController.h */ = {isa = PBXFileReference; fileEncoding = 4; lastKnownFileType = sourcecode.c.h; path = EquipViewController.h; sourceTree = "<group>"; };
		BC38EB711A0A292A001834A5 /* EquipViewController.m */ = {isa = PBXFileReference; fileEncoding = 4; lastKnownFileType = sourcecode.c.objc; path = EquipViewController.m; sourceTree = "<group>"; };
		BC38EB741A0A36AE001834A5 /* tabbar_bns.png */ = {isa = PBXFileReference; lastKnownFileType = image.png; path = tabbar_bns.png; sourceTree = "<group>"; };
		BC38EB751A0A36AE001834A5 /* tabbar_bns@2x.png */ = {isa = PBXFileReference; lastKnownFileType = image.png; path = "tabbar_bns@2x.png"; sourceTree = "<group>"; };
		BC38EB761A0A36AE001834A5 /* tabbar_gl.png */ = {isa = PBXFileReference; lastKnownFileType = image.png; path = tabbar_gl.png; sourceTree = "<group>"; };
		BC38EB771A0A36AE001834A5 /* tabbar_gl@2x.png */ = {isa = PBXFileReference; lastKnownFileType = image.png; path = "tabbar_gl@2x.png"; sourceTree = "<group>"; };
		BC38EB781A0A36AE001834A5 /* tabbar_pic.png */ = {isa = PBXFileReference; lastKnownFileType = image.png; path = tabbar_pic.png; sourceTree = "<group>"; };
		BC38EB791A0A36AE001834A5 /* tabbar_pic@2x.png */ = {isa = PBXFileReference; lastKnownFileType = image.png; path = "tabbar_pic@2x.png"; sourceTree = "<group>"; };
		BC38EB7A1A0A36AE001834A5 /* tabbar_video.png */ = {isa = PBXFileReference; lastKnownFileType = image.png; path = tabbar_video.png; sourceTree = "<group>"; };
		BC38EB7B1A0A36AE001834A5 /* tabbar_video@2x.png */ = {isa = PBXFileReference; lastKnownFileType = image.png; path = "tabbar_video@2x.png"; sourceTree = "<group>"; };
		BC38EB841A0A5128001834A5 /* jewelryimg@2x.png */ = {isa = PBXFileReference; lastKnownFileType = image.png; path = "jewelryimg@2x.png"; sourceTree = "<group>"; };
		BC38EB851A0A5128001834A5 /* weaponimg@2x.png */ = {isa = PBXFileReference; lastKnownFileType = image.png; path = "weaponimg@2x.png"; sourceTree = "<group>"; };
		BC38EB881A0A5134001834A5 /* baguaimg@2x.png */ = {isa = PBXFileReference; lastKnownFileType = image.png; path = "baguaimg@2x.png"; sourceTree = "<group>"; };
		BC98E8F11A08CD0300261F9E /* bglogo@2x.png */ = {isa = PBXFileReference; lastKnownFileType = image.png; path = "bglogo@2x.png"; sourceTree = "<group>"; };
		BC98E8F31A08D13600261F9E /* JewelryViewController.h */ = {isa = PBXFileReference; fileEncoding = 4; lastKnownFileType = sourcecode.c.h; path = JewelryViewController.h; sourceTree = "<group>"; };
		BC98E8F41A08D13600261F9E /* JewelryViewController.m */ = {isa = PBXFileReference; fileEncoding = 4; lastKnownFileType = sourcecode.c.objc; path = JewelryViewController.m; sourceTree = "<group>"; };
		BC98E8F61A08D82700261F9E /* bgjewelry@2x.png */ = {isa = PBXFileReference; lastKnownFileType = image.png; path = "bgjewelry@2x.png"; sourceTree = "<group>"; };
		BC98E8F81A08D9D200261F9E /* bgweapon@2x.png */ = {isa = PBXFileReference; lastKnownFileType = image.png; path = "bgweapon@2x.png"; sourceTree = "<group>"; };
		BC98E8FE1A08DC6500261F9E /* bgbagua.png */ = {isa = PBXFileReference; lastKnownFileType = image.png; path = bgbagua.png; sourceTree = "<group>"; };
		BC98E9001A08EAB200261F9E /* WeaponList.plist */ = {isa = PBXFileReference; fileEncoding = 4; lastKnownFileType = text.plist.xml; path = WeaponList.plist; sourceTree = "<group>"; };
		BC98E9021A08F0B200261F9E /* MainModel.h */ = {isa = PBXFileReference; fileEncoding = 4; lastKnownFileType = sourcecode.c.h; path = MainModel.h; sourceTree = "<group>"; };
		BC98E9031A08F0B200261F9E /* MainModel.m */ = {isa = PBXFileReference; fileEncoding = 4; lastKnownFileType = sourcecode.c.objc; path = MainModel.m; sourceTree = "<group>"; };
		BC98E9051A08F10300261F9E /* BaseModel.h */ = {isa = PBXFileReference; fileEncoding = 4; lastKnownFileType = sourcecode.c.h; path = BaseModel.h; sourceTree = "<group>"; };
		BC98E9061A08F10300261F9E /* BaseModel.m */ = {isa = PBXFileReference; fileEncoding = 4; lastKnownFileType = sourcecode.c.objc; path = BaseModel.m; sourceTree = "<group>"; };
		BC98E9081A08F6A100261F9E /* MainViewCell.h */ = {isa = PBXFileReference; fileEncoding = 4; lastKnownFileType = sourcecode.c.h; path = MainViewCell.h; sourceTree = "<group>"; };
		BC98E9091A08F6A100261F9E /* MainViewCell.m */ = {isa = PBXFileReference; fileEncoding = 4; lastKnownFileType = sourcecode.c.objc; path = MainViewCell.m; sourceTree = "<group>"; };
		BC98E90A1A08F6A100261F9E /* MainViewCell.xib */ = {isa = PBXFileReference; fileEncoding = 4; lastKnownFileType = file.xib; path = MainViewCell.xib; sourceTree = "<group>"; };
		BC98E90D1A08FC7400261F9E /* JewelryList.plist */ = {isa = PBXFileReference; fileEncoding = 4; lastKnownFileType = text.plist.xml; path = JewelryList.plist; sourceTree = "<group>"; };
		BC98E9101A09065D00261F9E /* bqcq@2x.png */ = {isa = PBXFileReference; lastKnownFileType = image.png; path = "bqcq@2x.png"; sourceTree = "<group>"; };
		BC98E9111A09065D00261F9E /* bqcqfull.png */ = {isa = PBXFileReference; lastKnownFileType = image.png; path = bqcqfull.png; sourceTree = "<group>"; };
		BC98E9121A09065D00261F9E /* bqdd@2x.png */ = {isa = PBXFileReference; lastKnownFileType = image.png; path = "bqdd@2x.png"; sourceTree = "<group>"; };
		BC98E9131A09065D00261F9E /* bqddfull.png */ = {isa = PBXFileReference; lastKnownFileType = image.png; path = bqddfull.png; sourceTree = "<group>"; };
		BC98E9141A09065D00261F9E /* shexie@2x.png */ = {isa = PBXFileReference; lastKnownFileType = image.png; path = "shexie@2x.png"; sourceTree = "<group>"; };
		BC98E9151A09065D00261F9E /* shexiefull.png */ = {isa = PBXFileReference; lastKnownFileType = image.png; path = shexiefull.png; sourceTree = "<group>"; };
		BC98E9161A09065D00261F9E /* tianlong@2x.png */ = {isa = PBXFileReference; lastKnownFileType = image.png; path = "tianlong@2x.png"; sourceTree = "<group>"; };
		BC98E9171A09065D00261F9E /* tianlongfull.png */ = {isa = PBXFileReference; lastKnownFileType = image.png; path = tianlongfull.png; sourceTree = "<group>"; };
		BC98E9181A09065D00261F9E /* xiuluo@2x.png */ = {isa = PBXFileReference; lastKnownFileType = image.png; path = "xiuluo@2x.png"; sourceTree = "<group>"; };
		BC98E9191A09065D00261F9E /* xiuluofull.png */ = {isa = PBXFileReference; lastKnownFileType = image.png; path = xiuluofull.png; sourceTree = "<group>"; };
		BC98E91A1A09065D00261F9E /* xueren@2x.png */ = {isa = PBXFileReference; lastKnownFileType = image.png; path = "xueren@2x.png"; sourceTree = "<group>"; };
		BC98E91B1A09065D00261F9E /* xuerenfull.png */ = {isa = PBXFileReference; lastKnownFileType = image.png; path = xuerenfull.png; sourceTree = "<group>"; };
		BC98E9281A0906B200261F9E /* BaguaList.plist */ = {isa = PBXFileReference; fileEncoding = 4; lastKnownFileType = text.plist.xml; path = BaguaList.plist; sourceTree = "<group>"; };
		BCBC0BD51A0B9623007266C7 /* MyScrollView.h */ = {isa = PBXFileReference; fileEncoding = 4; lastKnownFileType = sourcecode.c.h; path = MyScrollView.h; sourceTree = "<group>"; };
		BCBC0BD61A0B9623007266C7 /* MyScrollView.m */ = {isa = PBXFileReference; fileEncoding = 4; lastKnownFileType = sourcecode.c.objc; path = MyScrollView.m; sourceTree = "<group>"; };
		BCEE0DF01A076DED0077E890 /* LICENSE */ = {isa = PBXFileReference; fileEncoding = 4; lastKnownFileType = text; path = LICENSE; sourceTree = "<group>"; };
		BCEE0DF11A076DED0077E890 /* README.md */ = {isa = PBXFileReference; fileEncoding = 4; lastKnownFileType = text; path = README.md; sourceTree = "<group>"; };
		BCEE0DF21A076DED0077E890 /* SDImageCache.h */ = {isa = PBXFileReference; fileEncoding = 4; lastKnownFileType = sourcecode.c.h; path = SDImageCache.h; sourceTree = "<group>"; };
		BCEE0DF31A076DED0077E890 /* SDImageCache.m */ = {isa = PBXFileReference; fileEncoding = 4; lastKnownFileType = sourcecode.c.objc; path = SDImageCache.m; sourceTree = "<group>"; };
		BCEE0DF41A076DED0077E890 /* SDImageCacheDelegate.h */ = {isa = PBXFileReference; fileEncoding = 4; lastKnownFileType = sourcecode.c.h; path = SDImageCacheDelegate.h; sourceTree = "<group>"; };
		BCEE0DF51A076DED0077E890 /* SDWebImageCompat.h */ = {isa = PBXFileReference; fileEncoding = 4; lastKnownFileType = sourcecode.c.h; path = SDWebImageCompat.h; sourceTree = "<group>"; };
		BCEE0DF61A076DED0077E890 /* SDWebImageDecoder.h */ = {isa = PBXFileReference; fileEncoding = 4; lastKnownFileType = sourcecode.c.h; path = SDWebImageDecoder.h; sourceTree = "<group>"; };
		BCEE0DF71A076DED0077E890 /* SDWebImageDecoder.m */ = {isa = PBXFileReference; fileEncoding = 4; lastKnownFileType = sourcecode.c.objc; path = SDWebImageDecoder.m; sourceTree = "<group>"; };
		BCEE0DF81A076DED0077E890 /* SDWebImageDownloader.h */ = {isa = PBXFileReference; fileEncoding = 4; lastKnownFileType = sourcecode.c.h; path = SDWebImageDownloader.h; sourceTree = "<group>"; };
		BCEE0DF91A076DED0077E890 /* SDWebImageDownloader.m */ = {isa = PBXFileReference; fileEncoding = 4; lastKnownFileType = sourcecode.c.objc; path = SDWebImageDownloader.m; sourceTree = "<group>"; };
		BCEE0DFA1A076DED0077E890 /* SDWebImageDownloaderDelegate.h */ = {isa = PBXFileReference; fileEncoding = 4; lastKnownFileType = sourcecode.c.h; path = SDWebImageDownloaderDelegate.h; sourceTree = "<group>"; };
		BCEE0DFB1A076DED0077E890 /* SDWebImageManager.h */ = {isa = PBXFileReference; fileEncoding = 4; lastKnownFileType = sourcecode.c.h; path = SDWebImageManager.h; sourceTree = "<group>"; };
		BCEE0DFC1A076DED0077E890 /* SDWebImageManager.m */ = {isa = PBXFileReference; fileEncoding = 4; lastKnownFileType = sourcecode.c.objc; path = SDWebImageManager.m; sourceTree = "<group>"; };
		BCEE0DFD1A076DED0077E890 /* SDWebImageManagerDelegate.h */ = {isa = PBXFileReference; fileEncoding = 4; lastKnownFileType = sourcecode.c.h; path = SDWebImageManagerDelegate.h; sourceTree = "<group>"; };
		BCEE0DFE1A076DED0077E890 /* SDWebImagePrefetcher.h */ = {isa = PBXFileReference; fileEncoding = 4; lastKnownFileType = sourcecode.c.h; path = SDWebImagePrefetcher.h; sourceTree = "<group>"; };
		BCEE0DFF1A076DED0077E890 /* SDWebImagePrefetcher.m */ = {isa = PBXFileReference; fileEncoding = 4; lastKnownFileType = sourcecode.c.objc; path = SDWebImagePrefetcher.m; sourceTree = "<group>"; };
		BCEE0E001A076DED0077E890 /* UIButton+WebCache.h */ = {isa = PBXFileReference; fileEncoding = 4; lastKnownFileType = sourcecode.c.h; path = "UIButton+WebCache.h"; sourceTree = "<group>"; };
		BCEE0E011A076DED0077E890 /* UIButton+WebCache.m */ = {isa = PBXFileReference; fileEncoding = 4; lastKnownFileType = sourcecode.c.objc; path = "UIButton+WebCache.m"; sourceTree = "<group>"; };
		BCEE0E021A076DED0077E890 /* UIImageView+WebCache.h */ = {isa = PBXFileReference; fileEncoding = 4; lastKnownFileType = sourcecode.c.h; path = "UIImageView+WebCache.h"; sourceTree = "<group>"; };
		BCEE0E031A076DED0077E890 /* UIImageView+WebCache.m */ = {isa = PBXFileReference; fileEncoding = 4; lastKnownFileType = sourcecode.c.objc; path = "UIImageView+WebCache.m"; sourceTree = "<group>"; };
		BCEE0E0D1A076ED20077E890 /* BnsViewCell.h */ = {isa = PBXFileReference; fileEncoding = 4; lastKnownFileType = sourcecode.c.h; path = BnsViewCell.h; sourceTree = "<group>"; };
		BCEE0E0E1A076ED20077E890 /* BnsViewCell.m */ = {isa = PBXFileReference; fileEncoding = 4; lastKnownFileType = sourcecode.c.objc; path = BnsViewCell.m; sourceTree = "<group>"; };
		BCEE0E0F1A076ED20077E890 /* BnsViewCell.xib */ = {isa = PBXFileReference; fileEncoding = 4; lastKnownFileType = file.xib; path = BnsViewCell.xib; sourceTree = "<group>"; };
		BCEE0E121A0774920077E890 /* weaponx@2x.png */ = {isa = PBXFileReference; lastKnownFileType = image.png; path = "weaponx@2x.png"; sourceTree = "<group>"; };
		BCEE0E141A07813C0077E890 /* DetailViewController.h */ = {isa = PBXFileReference; fileEncoding = 4; lastKnownFileType = sourcecode.c.h; path = DetailViewController.h; sourceTree = "<group>"; };
		BCEE0E151A07813C0077E890 /* DetailViewController.m */ = {isa = PBXFileReference; fileEncoding = 4; lastKnownFileType = sourcecode.c.objc; path = DetailViewController.m; sourceTree = "<group>"; };
		BCEE0E181A07A1F60077E890 /* blueArrow.png */ = {isa = PBXFileReference; lastKnownFileType = image.png; path = blueArrow.png; sourceTree = "<group>"; };
		BCEE0E191A07A1F60077E890 /* blueArrow@2x.png */ = {isa = PBXFileReference; lastKnownFileType = image.png; path = "blueArrow@2x.png"; sourceTree = "<group>"; };
		BCEE0E1A1A07A1F60077E890 /* RefreshView.h */ = {isa = PBXFileReference; fileEncoding = 4; lastKnownFileType = sourcecode.c.h; path = RefreshView.h; sourceTree = "<group>"; };
		BCEE0E1B1A07A1F60077E890 /* RefreshView.m */ = {isa = PBXFileReference; fileEncoding = 4; lastKnownFileType = sourcecode.c.objc; path = RefreshView.m; sourceTree = "<group>"; };
		BCEE0E1C1A07A1F60077E890 /* RefreshView.xib */ = {isa = PBXFileReference; fileEncoding = 4; lastKnownFileType = file.xib; path = RefreshView.xib; sourceTree = "<group>"; };
		BCF10A851A070C9600F8F16D /* bagua@2x.png */ = {isa = PBXFileReference; lastKnownFileType = image.png; path = "bagua@2x.png"; sourceTree = "<group>"; };
		BCF10A861A070C9600F8F16D /* baixing.png */ = {isa = PBXFileReference; lastKnownFileType = image.png; path = baixing.png; sourceTree = "<group>"; };
		BCF10A871A070C9600F8F16D /* chixing.png */ = {isa = PBXFileReference; lastKnownFileType = image.png; path = chixing.png; sourceTree = "<group>"; };
		BCF10A881A070C9600F8F16D /* fenghun.png */ = {isa = PBXFileReference; lastKnownFileType = image.png; path = fenghun.png; sourceTree = "<group>"; };
		BCF10A891A070C9600F8F16D /* heixing.png */ = {isa = PBXFileReference; lastKnownFileType = image.png; path = heixing.png; sourceTree = "<group>"; };
		BCF10A8A1A070C9600F8F16D /* huangxing.png */ = {isa = PBXFileReference; lastKnownFileType = image.png; path = huangxing.png; sourceTree = "<group>"; };
		BCF10A8B1A070C9600F8F16D /* jewelry@2x.png */ = {isa = PBXFileReference; lastKnownFileType = image.png; path = "jewelry@2x.png"; sourceTree = "<group>"; };
		BCF10A8C1A070C9600F8F16D /* jienan.png */ = {isa = PBXFileReference; lastKnownFileType = image.png; path = jienan.png; sourceTree = "<group>"; };
		BCF10A8D1A070C9600F8F16D /* qingxing.png */ = {isa = PBXFileReference; lastKnownFileType = image.png; path = qingxing.png; sourceTree = "<group>"; };
		BCF10A981A070C9600F8F16D /* shangfang.png */ = {isa = PBXFileReference; lastKnownFileType = image.png; path = shangfang.png; sourceTree = "<group>"; };
		BCF10A991A070C9600F8F16D /* shenghun.png */ = {isa = PBXFileReference; lastKnownFileType = image.png; path = shenghun.png; sourceTree = "<group>"; };
		BCF10A9A1A070C9600F8F16D /* weapon@2x.png */ = {isa = PBXFileReference; lastKnownFileType = image.png; path = "weapon@2x.png"; sourceTree = "<group>"; };
		BCF10A9B1A070C9600F8F16D /* wuchang.png */ = {isa = PBXFileReference; lastKnownFileType = image.png; path = wuchang.png; sourceTree = "<group>"; };
		BCF10A9C1A070C9600F8F16D /* wuxing10@2x.png */ = {isa = PBXFileReference; lastKnownFileType = image.png; path = "wuxing10@2x.png"; sourceTree = "<group>"; };
		BCF10A9D1A070C9600F8F16D /* wuxing.png */ = {isa = PBXFileReference; lastKnownFileType = image.png; path = wuxing.png; sourceTree = "<group>"; };
		BCF10A9E1A070C9600F8F16D /* yanhun.png */ = {isa = PBXFileReference; lastKnownFileType = image.png; path = yanhun.png; sourceTree = "<group>"; };
		BCF10AFD1A071F2900F8F16D /* source@2x.png */ = {isa = PBXFileReference; lastKnownFileType = image.png; path = "source@2x.png"; sourceTree = "<group>"; };
		BCF10AFF1A07218800F8F16D /* bns@2x.png */ = {isa = PBXFileReference; lastKnownFileType = image.png; path = "bns@2x.png"; sourceTree = "<group>"; };
		BCF10B001A07218800F8F16D /* bnsx@2x.png */ = {isa = PBXFileReference; lastKnownFileType = image.png; path = "bnsx@2x.png"; sourceTree = "<group>"; };
		BCF10B051A07278400F8F16D /* main@2x.png */ = {isa = PBXFileReference; lastKnownFileType = image.png; path = "main@2x.png"; sourceTree = "<group>"; };
		BCF10B091A072E8C00F8F16D /* sourcex@2x.png */ = {isa = PBXFileReference; lastKnownFileType = image.png; path = "sourcex@2x.png"; sourceTree = "<group>"; };
		BCF10B931A076A9800F8F16D /* baguax@2x.png */ = {isa = PBXFileReference; lastKnownFileType = image.png; path = "baguax@2x.png"; sourceTree = "<group>"; };
		BCF872E91A02695100950D32 /* BnsViewController.h */ = {isa = PBXFileReference; fileEncoding = 4; lastKnownFileType = sourcecode.c.h; path = BnsViewController.h; sourceTree = "<group>"; };
		BCF872EA1A02695100950D32 /* BnsViewController.m */ = {isa = PBXFileReference; fileEncoding = 4; lastKnownFileType = sourcecode.c.objc; path = BnsViewController.m; sourceTree = "<group>"; };
		BCFD31801A0B09C80007F384 /* bglogoblack@2x.png */ = {isa = PBXFileReference; lastKnownFileType = image.png; path = "bglogoblack@2x.png"; sourceTree = "<group>"; };
		BCFD31821A0B128C0007F384 /* ProViewController.h */ = {isa = PBXFileReference; fileEncoding = 4; lastKnownFileType = sourcecode.c.h; path = ProViewController.h; sourceTree = "<group>"; };
		BCFD31831A0B128C0007F384 /* ProViewController.m */ = {isa = PBXFileReference; fileEncoding = 4; lastKnownFileType = sourcecode.c.objc; path = ProViewController.m; sourceTree = "<group>"; };
		BCFD31851A0B149D0007F384 /* ProViewCell.h */ = {isa = PBXFileReference; fileEncoding = 4; lastKnownFileType = sourcecode.c.h; path = ProViewCell.h; sourceTree = "<group>"; };
		BCFD31861A0B149D0007F384 /* ProViewCell.m */ = {isa = PBXFileReference; fileEncoding = 4; lastKnownFileType = sourcecode.c.objc; path = ProViewCell.m; sourceTree = "<group>"; };
		BCFD31871A0B149D0007F384 /* ProViewCell.xib */ = {isa = PBXFileReference; fileEncoding = 4; lastKnownFileType = file.xib; path = ProViewCell.xib; sourceTree = "<group>"; };
		BCFD318A1A0B1C0D0007F384 /* ckzy@2x.png */ = {isa = PBXFileReference; lastKnownFileType = image.png; path = "ckzy@2x.png"; sourceTree = "<group>"; };
		BCFD318B1A0B1C0D0007F384 /* jszy@2x.png */ = {isa = PBXFileReference; lastKnownFileType = image.png; path = "jszy@2x.png"; sourceTree = "<group>"; };
		BCFD318C1A0B1C0D0007F384 /* ljzy@2x.png */ = {isa = PBXFileReference; lastKnownFileType = image.png; path = "ljzy@2x.png"; sourceTree = "<group>"; };
		BCFD318D1A0B1C0D0007F384 /* lszy@2x.png */ = {isa = PBXFileReference; lastKnownFileType = image.png; path = "lszy@2x.png"; sourceTree = "<group>"; };
		BCFD318E1A0B1C0D0007F384 /* qgzy@2x.png */ = {isa = PBXFileReference; lastKnownFileType = image.png; path = "qgzy@2x.png"; sourceTree = "<group>"; };
		BCFD318F1A0B1C0D0007F384 /* qszy@2x.png */ = {isa = PBXFileReference; lastKnownFileType = image.png; path = "qszy@2x.png"; sourceTree = "<group>"; };
		BCFD31901A0B1C0D0007F384 /* zhzy@2x.png */ = {isa = PBXFileReference; lastKnownFileType = image.png; path = "zhzy@2x.png"; sourceTree = "<group>"; };
		BCFD31981A0B23B10007F384 /* cklogo@2x.png */ = {isa = PBXFileReference; lastKnownFileType = image.png; path = "cklogo@2x.png"; sourceTree = "<group>"; };
		BCFD31991A0B23B10007F384 /* jslogo@2x.png */ = {isa = PBXFileReference; lastKnownFileType = image.png; path = "jslogo@2x.png"; sourceTree = "<group>"; };
		BCFD319A1A0B23B10007F384 /* ljlogo@2x.png */ = {isa = PBXFileReference; lastKnownFileType = image.png; path = "ljlogo@2x.png"; sourceTree = "<group>"; };
		BCFD319B1A0B23B10007F384 /* lslogo@2x.png */ = {isa = PBXFileReference; lastKnownFileType = image.png; path = "lslogo@2x.png"; sourceTree = "<group>"; };
		BCFD319C1A0B23B10007F384 /* qglogo@2x.png */ = {isa = PBXFileReference; lastKnownFileType = image.png; path = "qglogo@2x.png"; sourceTree = "<group>"; };
		BCFD319D1A0B23B10007F384 /* qslogo@2x.png */ = {isa = PBXFileReference; lastKnownFileType = image.png; path = "qslogo@2x.png"; sourceTree = "<group>"; };
		BCFD319E1A0B23B10007F384 /* zhlogo@2x.png */ = {isa = PBXFileReference; lastKnownFileType = image.png; path = "zhlogo@2x.png"; sourceTree = "<group>"; };
		BCFD31A61A0B2EBA0007F384 /* biwu@2x.png */ = {isa = PBXFileReference; lastKnownFileType = image.png; path = "biwu@2x.png"; sourceTree = "<group>"; };
		BCFD31A71A0B2EBA0007F384 /* danshua@2x.png */ = {isa = PBXFileReference; lastKnownFileType = image.png; path = "danshua@2x.png"; sourceTree = "<group>"; };
		BCFD31A81A0B2EBA0007F384 /* lianzhao@2x.png */ = {isa = PBXFileReference; lastKnownFileType = image.png; path = "lianzhao@2x.png"; sourceTree = "<group>"; };
		BCFD31AC1A0B3B150007F384 /* ProList.plist */ = {isa = PBXFileReference; fileEncoding = 4; lastKnownFileType = text.plist.xml; path = ProList.plist; sourceTree = "<group>"; };
		BCFD31AE1A0B3DFA0007F384 /* ProModel.h */ = {isa = PBXFileReference; fileEncoding = 4; lastKnownFileType = sourcecode.c.h; path = ProModel.h; sourceTree = "<group>"; };
		BCFD31AF1A0B3DFA0007F384 /* ProModel.m */ = {isa = PBXFileReference; fileEncoding = 4; lastKnownFileType = sourcecode.c.objc; path = ProModel.m; sourceTree = "<group>"; };
		BCFD31B11A0B43F70007F384 /* labelbg.png */ = {isa = PBXFileReference; lastKnownFileType = image.png; path = labelbg.png; sourceTree = "<group>"; };
		BCFD31B31A0B493B0007F384 /* ckbglabel.png */ = {isa = PBXFileReference; lastKnownFileType = image.png; path = ckbglabel.png; sourceTree = "<group>"; };
		BCFD31B41A0B493B0007F384 /* lsbglabel.png */ = {isa = PBXFileReference; lastKnownFileType = image.png; path = lsbglabel.png; sourceTree = "<group>"; };
		BCFD31B51A0B493B0007F384 /* qgbglabel.png */ = {isa = PBXFileReference; lastKnownFileType = image.png; path = qgbglabel.png; sourceTree = "<group>"; };
		BCFD31B61A0B493B0007F384 /* qsbglabel.png */ = {isa = PBXFileReference; lastKnownFileType = image.png; path = qsbglabel.png; sourceTree = "<group>"; };
		BCFD31B71A0B493B0007F384 /* zhbglabel.png */ = {isa = PBXFileReference; lastKnownFileType = image.png; path = zhbglabel.png; sourceTree = "<group>"; };
		BCFD31BD1A0B4E990007F384 /* ListViewController.h */ = {isa = PBXFileReference; fileEncoding = 4; lastKnownFileType = sourcecode.c.h; path = ListViewController.h; sourceTree = "<group>"; };
		BCFD31BE1A0B4E990007F384 /* ListViewController.m */ = {isa = PBXFileReference; fileEncoding = 4; lastKnownFileType = sourcecode.c.objc; path = ListViewController.m; sourceTree = "<group>"; };
/* End PBXFileReference section */

/* Begin PBXFrameworksBuildPhase section */
		BC19EAE819F49FEB00A3762A /* Frameworks */ = {
			isa = PBXFrameworksBuildPhase;
			buildActionMask = 2147483647;
			files = (
				BC19EB5019F4BEC200A3762A /* libsqlite3.dylib in Frameworks */,
				BC19EAF119F49FEB00A3762A /* CoreGraphics.framework in Frameworks */,
				BC19EAF319F49FEB00A3762A /* UIKit.framework in Frameworks */,
				BC19EAEF19F49FEB00A3762A /* Foundation.framework in Frameworks */,
			);
			runOnlyForDeploymentPostprocessing = 0;
		};
		BC19EB0319F49FEB00A3762A /* Frameworks */ = {
			isa = PBXFrameworksBuildPhase;
			buildActionMask = 2147483647;
			files = (
				BC19EB0819F49FEB00A3762A /* XCTest.framework in Frameworks */,
				BC19EB0A19F49FEB00A3762A /* UIKit.framework in Frameworks */,
				BC19EB0919F49FEB00A3762A /* Foundation.framework in Frameworks */,
			);
			runOnlyForDeploymentPostprocessing = 0;
		};
/* End PBXFrameworksBuildPhase section */

/* Begin PBXGroup section */
		BC0AAB981A0C79E700232357 /* icon */ = {
			isa = PBXGroup;
			children = (
				BC0AAB991A0C79E700232357 /* Icon-120@2x.png */,
				BC0AAB9A1A0C79E700232357 /* Icon-58@2x.png */,
				BC0AAB9B1A0C79E700232357 /* Icon-80@2x.png */,
				BC0AAB9C1A0C79E700232357 /* launchimage-568h@2x.png */,
				BC0AAB9D1A0C79E700232357 /* launchimage@2x.png */,
			);
			path = icon;
			sourceTree = "<group>";
		};
		BC0B30C71A09C82300581241 /* random */ = {
			isa = PBXGroup;
			children = (
				BC0B30C81A09C82300581241 /* 0.png */,
				BC0B30C91A09C82300581241 /* 1.png */,
				BC0B30CA1A09C82300581241 /* 2.png */,
				BC0B30CB1A09C82300581241 /* 3.png */,
				BC0B30CC1A09C82300581241 /* 4.png */,
				BC0B30CD1A09C82300581241 /* 5.png */,
				BC0B30CE1A09C82300581241 /* 6.png */,
				BC0B30CF1A09C82300581241 /* 7.png */,
				BC0B30D01A09C82300581241 /* 8.png */,
				BC0B30D11A09C82300581241 /* 9.png */,
			);
			path = random;
			sourceTree = "<group>";
		};
		BC0D306A1A033B730079AF06 /* Utils */ = {
			isa = PBXGroup;
			children = (
				BCEE0E171A07A1F60077E890 /* RefreshView */,
				BC0D306B1A033B980079AF06 /* HttpRequestManager.h */,
				BC0D306C1A033B980079AF06 /* HttpRequestManager.m */,
			);
			name = Utils;
			sourceTree = "<group>";
		};
		BC19EAE219F49FEB00A3762A = {
			isa = PBXGroup;
			children = (
				BC0D306A1A033B730079AF06 /* Utils */,
				BC19EB1F19F4A01200A3762A /* Models */,
				BC19EB1E19F4A01000A3762A /* Views */,
				BC19EB1D19F4A00E00A3762A /* Controllers */,
				BC19EAF419F49FEB00A3762A /* BnSBang */,
				BC19EB0D19F49FEB00A3762A /* BnSBangTests */,
				BC19EAED19F49FEB00A3762A /* Frameworks */,
				BC19EAEC19F49FEB00A3762A /* Products */,
			);
			sourceTree = "<group>";
		};
		BC19EAEC19F49FEB00A3762A /* Products */ = {
			isa = PBXGroup;
			children = (
				BC19EAEB19F49FEB00A3762A /* BnSBang.app */,
				BC19EB0619F49FEB00A3762A /* BnSBangTests.xctest */,
			);
			name = Products;
			sourceTree = "<group>";
		};
		BC19EAED19F49FEB00A3762A /* Frameworks */ = {
			isa = PBXGroup;
			children = (
				BC19EB4F19F4BEC200A3762A /* libsqlite3.dylib */,
				BC19EAEE19F49FEB00A3762A /* Foundation.framework */,
				BC19EAF019F49FEB00A3762A /* CoreGraphics.framework */,
				BC19EAF219F49FEB00A3762A /* UIKit.framework */,
				BC19EB0719F49FEB00A3762A /* XCTest.framework */,
			);
			name = Frameworks;
			sourceTree = "<group>";
		};
		BC19EAF419F49FEB00A3762A /* BnSBang */ = {
			isa = PBXGroup;
			children = (
				BC19EAFD19F49FEB00A3762A /* AppDelegate.h */,
				BC19EAFE19F49FEB00A3762A /* AppDelegate.m */,
				BC19EB3919F4BA4100A3762A /* DBManager.h */,
				BC19EB3A19F4BA4100A3762A /* DBManager.m */,
				BC19EB0019F49FEB00A3762A /* Images.xcassets */,
				BC19EAF519F49FEB00A3762A /* Supporting Files */,
			);
			path = BnSBang;
			sourceTree = "<group>";
		};
		BC19EAF519F49FEB00A3762A /* Supporting Files */ = {
			isa = PBXGroup;
			children = (
				BC0AABA51A0C9AA900232357 /* btnbgimg.png */,
				BC0AAB981A0C79E700232357 /* icon */,
				BCEE0DEF1A076DED0077E890 /* SDWebImage */,
				BC38EB731A0A3640001834A5 /* tabbar_img */,
				BCF10A841A070C9600F8F16D /* image */,
				BC19EB3F19F4BB2900A3762A /* fmdb */,
				BC19EB3719F4B49800A3762A /* imagex@2x.png */,
				BC19EB3519F4B47300A3762A /* image@2x.png */,
				BC19EAF619F49FEB00A3762A /* BnSBang-Info.plist */,
				BC19EB6D19F5379D00A3762A /* PropertyList.plist */,
				BC98E9001A08EAB200261F9E /* WeaponList.plist */,
				BC98E90D1A08FC7400261F9E /* JewelryList.plist */,
				BC98E9281A0906B200261F9E /* BaguaList.plist */,
				BCFD31AC1A0B3B150007F384 /* ProList.plist */,
				BC19EAF719F49FEB00A3762A /* InfoPlist.strings */,
				BC19EAFA19F49FEB00A3762A /* main.m */,
				BC19EAFC19F49FEB00A3762A /* BnSBang-Prefix.pch */,
			);
			name = "Supporting Files";
			sourceTree = "<group>";
		};
		BC19EB0D19F49FEB00A3762A /* BnSBangTests */ = {
			isa = PBXGroup;
			children = (
				BC19EB1319F49FEB00A3762A /* BnSBangTests.m */,
				BC19EB0E19F49FEB00A3762A /* Supporting Files */,
			);
			path = BnSBangTests;
			sourceTree = "<group>";
		};
		BC19EB0E19F49FEB00A3762A /* Supporting Files */ = {
			isa = PBXGroup;
			children = (
				BC19EB0F19F49FEB00A3762A /* BnSBangTests-Info.plist */,
				BC19EB1019F49FEB00A3762A /* InfoPlist.strings */,
			);
			name = "Supporting Files";
			sourceTree = "<group>";
		};
		BC19EB1D19F4A00E00A3762A /* Controllers */ = {
			isa = PBXGroup;
			children = (
				BC19EB2019F4A05A00A3762A /* MyTabBarController.h */,
				BC19EB2119F4A05A00A3762A /* MyTabBarController.m */,
				BCF872F01A026DD200950D32 /* Bns */,
				BC38EB6B1A0A2744001834A5 /* Video */,
				BC38EB6C1A0A275E001834A5 /* Equipment */,
				BCF872EC1A026DC600950D32 /* Source */,
			);
			name = Controllers;
			sourceTree = "<group>";
		};
		BC19EB1E19F4A01000A3762A /* Views */ = {
			isa = PBXGroup;
			children = (
				BCBC0BD51A0B9623007266C7 /* MyScrollView.h */,
				BCBC0BD61A0B9623007266C7 /* MyScrollView.m */,
				BCEE0E0D1A076ED20077E890 /* BnsViewCell.h */,
				BCEE0E0E1A076ED20077E890 /* BnsViewCell.m */,
				BCEE0E0F1A076ED20077E890 /* BnsViewCell.xib */,
				BC98E9081A08F6A100261F9E /* MainViewCell.h */,
				BC98E9091A08F6A100261F9E /* MainViewCell.m */,
				BC98E90A1A08F6A100261F9E /* MainViewCell.xib */,
				BCFD31851A0B149D0007F384 /* ProViewCell.h */,
				BCFD31861A0B149D0007F384 /* ProViewCell.m */,
				BCFD31871A0B149D0007F384 /* ProViewCell.xib */,
			);
			name = Views;
			sourceTree = "<group>";
		};
		BC19EB1F19F4A01200A3762A /* Models */ = {
			isa = PBXGroup;
			children = (
				BC98E9051A08F10300261F9E /* BaseModel.h */,
				BC98E9061A08F10300261F9E /* BaseModel.m */,
				BC0D30671A0339B50079AF06 /* BnsModel.h */,
				BC0D30681A0339B50079AF06 /* BnsModel.m */,
				BC98E9021A08F0B200261F9E /* MainModel.h */,
				BC98E9031A08F0B200261F9E /* MainModel.m */,
				BCFD31AE1A0B3DFA0007F384 /* ProModel.h */,
				BCFD31AF1A0B3DFA0007F384 /* ProModel.m */,
				BC19EB3C19F4BA6900A3762A /* SrcModel.h */,
				BC19EB3D19F4BA6900A3762A /* SrcModel.m */,
			);
			name = Models;
			sourceTree = "<group>";
		};
		BC19EB3F19F4BB2900A3762A /* fmdb */ = {
			isa = PBXGroup;
			children = (
				BC19EB4019F4BB2900A3762A /* FMDatabase.h */,
				BC19EB4119F4BB2900A3762A /* FMDatabase.m */,
				BC19EB4219F4BB2900A3762A /* FMDatabaseAdditions.h */,
				BC19EB4319F4BB2900A3762A /* FMDatabaseAdditions.m */,
				BC19EB4419F4BB2900A3762A /* FMDatabasePool.h */,
				BC19EB4519F4BB2900A3762A /* FMDatabasePool.m */,
				BC19EB4619F4BB2900A3762A /* FMDatabaseQueue.h */,
				BC19EB4719F4BB2900A3762A /* FMDatabaseQueue.m */,
				BC19EB4819F4BB2900A3762A /* FMResultSet.h */,
				BC19EB4919F4BB2900A3762A /* FMResultSet.m */,
			);
			path = fmdb;
			sourceTree = "<group>";
		};
		BC38EB6B1A0A2744001834A5 /* Video */ = {
			isa = PBXGroup;
			children = (
				BC38EB6D1A0A27E0001834A5 /* VideoViewController.h */,
				BC38EB6E1A0A27E0001834A5 /* VideoViewController.m */,
				BCFD31821A0B128C0007F384 /* ProViewController.h */,
				BCFD31831A0B128C0007F384 /* ProViewController.m */,
				BCFD31BD1A0B4E990007F384 /* ListViewController.h */,
				BCFD31BE1A0B4E990007F384 /* ListViewController.m */,
			);
			name = Video;
			sourceTree = "<group>";
		};
		BC38EB6C1A0A275E001834A5 /* Equipment */ = {
			isa = PBXGroup;
			children = (
				BC38EB701A0A292A001834A5 /* EquipViewController.h */,
				BC38EB711A0A292A001834A5 /* EquipViewController.m */,
				BCF872ED1A026DCA00950D32 /* Bagua */,
				BCF872EE1A026DCD00950D32 /* Jewelry */,
				BCF872EF1A026DCF00950D32 /* Weapon */,
			);
			name = Equipment;
			sourceTree = "<group>";
		};
		BC38EB731A0A3640001834A5 /* tabbar_img */ = {
			isa = PBXGroup;
			children = (
				BC38EB741A0A36AE001834A5 /* tabbar_bns.png */,
				BC38EB751A0A36AE001834A5 /* tabbar_bns@2x.png */,
				BC38EB761A0A36AE001834A5 /* tabbar_gl.png */,
				BC38EB771A0A36AE001834A5 /* tabbar_gl@2x.png */,
				BC38EB781A0A36AE001834A5 /* tabbar_pic.png */,
				BC38EB791A0A36AE001834A5 /* tabbar_pic@2x.png */,
				BC38EB7A1A0A36AE001834A5 /* tabbar_video.png */,
				BC38EB7B1A0A36AE001834A5 /* tabbar_video@2x.png */,
			);
			name = tabbar_img;
			sourceTree = "<group>";
		};
		BC98E90F1A09065D00261F9E /* bagua */ = {
			isa = PBXGroup;
			children = (
				BC98E9101A09065D00261F9E /* bqcq@2x.png */,
				BC98E9111A09065D00261F9E /* bqcqfull.png */,
				BC98E9121A09065D00261F9E /* bqdd@2x.png */,
				BC98E9131A09065D00261F9E /* bqddfull.png */,
				BC98E9141A09065D00261F9E /* shexie@2x.png */,
				BC98E9151A09065D00261F9E /* shexiefull.png */,
				BC98E9161A09065D00261F9E /* tianlong@2x.png */,
				BC98E9171A09065D00261F9E /* tianlongfull.png */,
				BC98E9181A09065D00261F9E /* xiuluo@2x.png */,
				BC98E9191A09065D00261F9E /* xiuluofull.png */,
				BC98E91A1A09065D00261F9E /* xueren@2x.png */,
				BC98E91B1A09065D00261F9E /* xuerenfull.png */,
			);
			path = bagua;
			sourceTree = "<group>";
		};
		BCEE0DEF1A076DED0077E890 /* SDWebImage */ = {
			isa = PBXGroup;
			children = (
				BCEE0DF01A076DED0077E890 /* LICENSE */,
				BCEE0DF11A076DED0077E890 /* README.md */,
				BCEE0DF21A076DED0077E890 /* SDImageCache.h */,
				BCEE0DF31A076DED0077E890 /* SDImageCache.m */,
				BCEE0DF41A076DED0077E890 /* SDImageCacheDelegate.h */,
				BCEE0DF51A076DED0077E890 /* SDWebImageCompat.h */,
				BCEE0DF61A076DED0077E890 /* SDWebImageDecoder.h */,
				BCEE0DF71A076DED0077E890 /* SDWebImageDecoder.m */,
				BCEE0DF81A076DED0077E890 /* SDWebImageDownloader.h */,
				BCEE0DF91A076DED0077E890 /* SDWebImageDownloader.m */,
				BCEE0DFA1A076DED0077E890 /* SDWebImageDownloaderDelegate.h */,
				BCEE0DFB1A076DED0077E890 /* SDWebImageManager.h */,
				BCEE0DFC1A076DED0077E890 /* SDWebImageManager.m */,
				BCEE0DFD1A076DED0077E890 /* SDWebImageManagerDelegate.h */,
				BCEE0DFE1A076DED0077E890 /* SDWebImagePrefetcher.h */,
				BCEE0DFF1A076DED0077E890 /* SDWebImagePrefetcher.m */,
				BCEE0E001A076DED0077E890 /* UIButton+WebCache.h */,
				BCEE0E011A076DED0077E890 /* UIButton+WebCache.m */,
				BCEE0E021A076DED0077E890 /* UIImageView+WebCache.h */,
				BCEE0E031A076DED0077E890 /* UIImageView+WebCache.m */,
			);
			path = SDWebImage;
			sourceTree = "<group>";
		};
		BCEE0E171A07A1F60077E890 /* RefreshView */ = {
			isa = PBXGroup;
			children = (
				BCEE0E181A07A1F60077E890 /* blueArrow.png */,
				BCEE0E191A07A1F60077E890 /* blueArrow@2x.png */,
				BCEE0E1A1A07A1F60077E890 /* RefreshView.h */,
				BCEE0E1B1A07A1F60077E890 /* RefreshView.m */,
				BCEE0E1C1A07A1F60077E890 /* RefreshView.xib */,
			);
			path = RefreshView;
			sourceTree = "<group>";
		};
		BCF10A841A070C9600F8F16D /* image */ = {
			isa = PBXGroup;
			children = (
				BC98E90F1A09065D00261F9E /* bagua */,
				BCF10A851A070C9600F8F16D /* bagua@2x.png */,
				BC38EB881A0A5134001834A5 /* baguaimg@2x.png */,
				BCF10B931A076A9800F8F16D /* baguax@2x.png */,
				BCF10A861A070C9600F8F16D /* baixing.png */,
				BC98E8FE1A08DC6500261F9E /* bgbagua.png */,
				BC0B30E01A0A09FC00581241 /* bgimg@2x.png */,
				BC98E8F61A08D82700261F9E /* bgjewelry@2x.png */,
				BC98E8F11A08CD0300261F9E /* bglogo@2x.png */,
				BCFD31801A0B09C80007F384 /* bglogoblack@2x.png */,
				BC98E8F81A08D9D200261F9E /* bgweapon@2x.png */,
				BCFD31A61A0B2EBA0007F384 /* biwu@2x.png */,
				BCF10AFF1A07218800F8F16D /* bns@2x.png */,
				BCF10B001A07218800F8F16D /* bnsx@2x.png */,
				BCF10A871A070C9600F8F16D /* chixing.png */,
				BCFD31B31A0B493B0007F384 /* ckbglabel.png */,
				BCFD31981A0B23B10007F384 /* cklogo@2x.png */,
				BCFD318A1A0B1C0D0007F384 /* ckzy@2x.png */,
				BCFD31A71A0B2EBA0007F384 /* danshua@2x.png */,
				BCF10A881A070C9600F8F16D /* fenghun.png */,
				BCF10A891A070C9600F8F16D /* heixing.png */,
				BCF10A8A1A070C9600F8F16D /* huangxing.png */,
				BCF10A8B1A070C9600F8F16D /* jewelry@2x.png */,
				BC38EB841A0A5128001834A5 /* jewelryimg@2x.png */,
				BCF10A8C1A070C9600F8F16D /* jienan.png */,
				BCFD31991A0B23B10007F384 /* jslogo@2x.png */,
				BCFD318B1A0B1C0D0007F384 /* jszy@2x.png */,
				BCFD31B11A0B43F70007F384 /* labelbg.png */,
				BCFD31A81A0B2EBA0007F384 /* lianzhao@2x.png */,
				BCFD319A1A0B23B10007F384 /* ljlogo@2x.png */,
				BCFD318C1A0B1C0D0007F384 /* ljzy@2x.png */,
				BCFD31B41A0B493B0007F384 /* lsbglabel.png */,
				BCFD319B1A0B23B10007F384 /* lslogo@2x.png */,
				BCFD318D1A0B1C0D0007F384 /* lszy@2x.png */,
				BCF10B051A07278400F8F16D /* main@2x.png */,
				BCFD31B51A0B493B0007F384 /* qgbglabel.png */,
				BCFD319C1A0B23B10007F384 /* qglogo@2x.png */,
				BCFD318E1A0B1C0D0007F384 /* qgzy@2x.png */,
				BCF10A8D1A070C9600F8F16D /* qingxing.png */,
				BCFD31B61A0B493B0007F384 /* qsbglabel.png */,
				BCFD319D1A0B23B10007F384 /* qslogo@2x.png */,
				BCFD318F1A0B1C0D0007F384 /* qszy@2x.png */,
				BC0B30C71A09C82300581241 /* random */,
				BCF10A981A070C9600F8F16D /* shangfang.png */,
				BCF10A991A070C9600F8F16D /* shenghun.png */,
				BCF10AFD1A071F2900F8F16D /* source@2x.png */,
				BCF10B091A072E8C00F8F16D /* sourcex@2x.png */,
				BCF10A9A1A070C9600F8F16D /* weapon@2x.png */,
				BC38EB851A0A5128001834A5 /* weaponimg@2x.png */,
				BCEE0E121A0774920077E890 /* weaponx@2x.png */,
				BCF10A9B1A070C9600F8F16D /* wuchang.png */,
				BC0B30DE1A09D5C200581241 /* wuchangx.png */,
				BCF10A9D1A070C9600F8F16D /* wuxing.png */,
				BCF10A9C1A070C9600F8F16D /* wuxing10@2x.png */,
				BCF10A9E1A070C9600F8F16D /* yanhun.png */,
				BCFD31B71A0B493B0007F384 /* zhbglabel.png */,
				BCFD319E1A0B23B10007F384 /* zhlogo@2x.png */,
				BCFD31901A0B1C0D0007F384 /* zhzy@2x.png */,
			);
			path = image;
			sourceTree = "<group>";
		};
		BCF872EC1A026DC600950D32 /* Source */ = {
			isa = PBXGroup;
			children = (
				BC19EB3219F4B04900A3762A /* SrcViewController.h */,
				BC19EB3319F4B04900A3762A /* SrcViewController.m */,
				BC19EB6A19F535F700A3762A /* SecViewController.h */,
				BC19EB6B19F535F700A3762A /* SecViewController.m */,
			);
			name = Source;
			sourceTree = "<group>";
		};
		BCF872ED1A026DCA00950D32 /* Bagua */ = {
			isa = PBXGroup;
			children = (
				BC19EB2819F4A29D00A3762A /* BaguaViewController.h */,
				BC19EB2919F4A29D00A3762A /* BaguaViewController.m */,
			);
			name = Bagua;
			sourceTree = "<group>";
		};
		BCF872EE1A026DCD00950D32 /* Jewelry */ = {
			isa = PBXGroup;
			children = (
				BC98E8F31A08D13600261F9E /* JewelryViewController.h */,
				BC98E8F41A08D13600261F9E /* JewelryViewController.m */,
			);
			name = Jewelry;
			sourceTree = "<group>";
		};
		BCF872EF1A026DCF00950D32 /* Weapon */ = {
			isa = PBXGroup;
			children = (
				BC19EB2319F4A16B00A3762A /* MainViewController.h */,
				BC19EB2419F4A16B00A3762A /* MainViewController.m */,
			);
			name = Weapon;
			sourceTree = "<group>";
		};
		BCF872F01A026DD200950D32 /* Bns */ = {
			isa = PBXGroup;
			children = (
				BCF872E91A02695100950D32 /* BnsViewController.h */,
				BCF872EA1A02695100950D32 /* BnsViewController.m */,
				BCEE0E141A07813C0077E890 /* DetailViewController.h */,
				BCEE0E151A07813C0077E890 /* DetailViewController.m */,
			);
			name = Bns;
			sourceTree = "<group>";
		};
/* End PBXGroup section */

/* Begin PBXNativeTarget section */
		BC19EAEA19F49FEB00A3762A /* BnSBang */ = {
			isa = PBXNativeTarget;
			buildConfigurationList = BC19EB1719F49FEB00A3762A /* Build configuration list for PBXNativeTarget "BnSBang" */;
			buildPhases = (
				BC19EAE719F49FEB00A3762A /* Sources */,
				BC19EAE819F49FEB00A3762A /* Frameworks */,
				BC19EAE919F49FEB00A3762A /* Resources */,
			);
			buildRules = (
			);
			dependencies = (
			);
			name = BnSBang;
			productName = BnSBang;
			productReference = BC19EAEB19F49FEB00A3762A /* BnSBang.app */;
			productType = "com.apple.product-type.application";
		};
		BC19EB0519F49FEB00A3762A /* BnSBangTests */ = {
			isa = PBXNativeTarget;
			buildConfigurationList = BC19EB1A19F49FEB00A3762A /* Build configuration list for PBXNativeTarget "BnSBangTests" */;
			buildPhases = (
				BC19EB0219F49FEB00A3762A /* Sources */,
				BC19EB0319F49FEB00A3762A /* Frameworks */,
				BC19EB0419F49FEB00A3762A /* Resources */,
			);
			buildRules = (
			);
			dependencies = (
				BC19EB0C19F49FEB00A3762A /* PBXTargetDependency */,
			);
			name = BnSBangTests;
			productName = BnSBangTests;
			productReference = BC19EB0619F49FEB00A3762A /* BnSBangTests.xctest */;
			productType = "com.apple.product-type.bundle.unit-test";
		};
/* End PBXNativeTarget section */

/* Begin PBXProject section */
		BC19EAE319F49FEB00A3762A /* Project object */ = {
			isa = PBXProject;
			attributes = {
				LastUpgradeCheck = 0510;
				ORGANIZATIONNAME = jyw;
				TargetAttributes = {
					BC19EB0519F49FEB00A3762A = {
						TestTargetID = BC19EAEA19F49FEB00A3762A;
					};
				};
			};
			buildConfigurationList = BC19EAE619F49FEB00A3762A /* Build configuration list for PBXProject "BnSBang" */;
			compatibilityVersion = "Xcode 3.2";
			developmentRegion = English;
			hasScannedForEncodings = 0;
			knownRegions = (
				en,
				"zh-Hans",
			);
			mainGroup = BC19EAE219F49FEB00A3762A;
			productRefGroup = BC19EAEC19F49FEB00A3762A /* Products */;
			projectDirPath = "";
			projectRoot = "";
			targets = (
				BC19EAEA19F49FEB00A3762A /* BnSBang */,
				BC19EB0519F49FEB00A3762A /* BnSBangTests */,
			);
		};
/* End PBXProject section */

/* Begin PBXResourcesBuildPhase section */
		BC19EAE919F49FEB00A3762A /* Resources */ = {
			isa = PBXResourcesBuildPhase;
			buildActionMask = 2147483647;
			files = (
				BCF10AA61A070C9600F8F16D /* jienan.png in Resources */,
				BC98E8F21A08CD0300261F9E /* bglogo@2x.png in Resources */,
				BC0B30D51A09C82300581241 /* 3.png in Resources */,
				BCF10AB61A070C9600F8F16D /* wuxing10@2x.png in Resources */,
				BC0B30DB1A09C82300581241 /* 9.png in Resources */,
				BCF10B021A07218800F8F16D /* bnsx@2x.png in Resources */,
				BC38EB7D1A0A36AE001834A5 /* tabbar_bns@2x.png in Resources */,
				BC0AABA11A0C79E700232357 /* launchimage-568h@2x.png in Resources */,
				BC19EB3619F4B47300A3762A /* image@2x.png in Resources */,
				BC38EB831A0A36AE001834A5 /* tabbar_video@2x.png in Resources */,
				BC0B30DA1A09C82300581241 /* 8.png in Resources */,
				BCF10AB51A070C9600F8F16D /* wuchang.png in Resources */,
				BC98E9211A09065D00261F9E /* shexiefull.png in Resources */,
				BCFD31B91A0B493B0007F384 /* lsbglabel.png in Resources */,
				BCFD31811A0B09C80007F384 /* bglogoblack@2x.png in Resources */,
				BCFD31AD1A0B3B150007F384 /* ProList.plist in Resources */,
				BC98E9201A09065D00261F9E /* shexie@2x.png in Resources */,
				BC0B30DF1A09D5C200581241 /* wuchangx.png in Resources */,
				BC0B30D71A09C82300581241 /* 5.png in Resources */,
				BCFD31BA1A0B493B0007F384 /* qgbglabel.png in Resources */,
				BC0B30E11A0A09FC00581241 /* bgimg@2x.png in Resources */,
				BCFD31A91A0B2EBA0007F384 /* biwu@2x.png in Resources */,
				BCFD31931A0B1C0D0007F384 /* ljzy@2x.png in Resources */,
				BC38EB811A0A36AE001834A5 /* tabbar_pic@2x.png in Resources */,
				BCF10AA51A070C9600F8F16D /* jewelry@2x.png in Resources */,
				BCFD31A11A0B23B10007F384 /* ljlogo@2x.png in Resources */,
				BC98E91E1A09065D00261F9E /* bqdd@2x.png in Resources */,
				BCF10AA31A070C9600F8F16D /* heixing.png in Resources */,
				BCF10B0A1A072E8C00F8F16D /* sourcex@2x.png in Resources */,
				BC98E9241A09065D00261F9E /* xiuluo@2x.png in Resources */,
				BC0B30D81A09C82300581241 /* 6.png in Resources */,
				BC0B30D61A09C82300581241 /* 4.png in Resources */,
				BC98E91F1A09065D00261F9E /* bqddfull.png in Resources */,
				BC38EB7F1A0A36AE001834A5 /* tabbar_gl@2x.png in Resources */,
				BCF10AA41A070C9600F8F16D /* huangxing.png in Resources */,
				BCFD31A21A0B23B10007F384 /* lslogo@2x.png in Resources */,
				BC0AABA61A0C9AA900232357 /* btnbgimg.png in Resources */,
				BC38EB7E1A0A36AE001834A5 /* tabbar_gl.png in Resources */,
				BC98E8F91A08D9D200261F9E /* bgweapon@2x.png in Resources */,
				BC0B30D41A09C82300581241 /* 2.png in Resources */,
				BCFD31A01A0B23B10007F384 /* jslogo@2x.png in Resources */,
				BCFD31941A0B1C0D0007F384 /* lszy@2x.png in Resources */,
				BC0AABA21A0C79E700232357 /* launchimage@2x.png in Resources */,
				BC19EAF919F49FEB00A3762A /* InfoPlist.strings in Resources */,
				BC19EB3819F4B49800A3762A /* imagex@2x.png in Resources */,
				BC98E9271A09065D00261F9E /* xuerenfull.png in Resources */,
				BC38EB801A0A36AE001834A5 /* tabbar_pic.png in Resources */,
				BCEE0E041A076DED0077E890 /* LICENSE in Resources */,
				BCFD31AA1A0B2EBA0007F384 /* danshua@2x.png in Resources */,
				BCF10AB41A070C9600F8F16D /* weapon@2x.png in Resources */,
				BCF10AB81A070C9600F8F16D /* yanhun.png in Resources */,
				BCF10B011A07218800F8F16D /* bns@2x.png in Resources */,
				BCFD31921A0B1C0D0007F384 /* jszy@2x.png in Resources */,
				BCF10AA01A070C9600F8F16D /* baixing.png in Resources */,
				BC98E8FF1A08DC6500261F9E /* bgbagua.png in Resources */,
				BCFD31911A0B1C0D0007F384 /* ckzy@2x.png in Resources */,
				BC98E9221A09065D00261F9E /* tianlong@2x.png in Resources */,
				BC98E9251A09065D00261F9E /* xiuluofull.png in Resources */,
				BCFD31951A0B1C0D0007F384 /* qgzy@2x.png in Resources */,
				BCEE0E051A076DED0077E890 /* README.md in Resources */,
				BC0B30D31A09C82300581241 /* 1.png in Resources */,
				BC98E9011A08EAB200261F9E /* WeaponList.plist in Resources */,
				BC98E91D1A09065D00261F9E /* bqcqfull.png in Resources */,
				BCF10A9F1A070C9600F8F16D /* bagua@2x.png in Resources */,
				BCFD31BC1A0B493B0007F384 /* zhbglabel.png in Resources */,
				BC0B30D21A09C82300581241 /* 0.png in Resources */,
				BC38EB821A0A36AE001834A5 /* tabbar_video.png in Resources */,
				BC98E91C1A09065D00261F9E /* bqcq@2x.png in Resources */,
				BC98E9291A0906B200261F9E /* BaguaList.plist in Resources */,
				BCF10AB21A070C9600F8F16D /* shangfang.png in Resources */,
				BC38EB7C1A0A36AE001834A5 /* tabbar_bns.png in Resources */,
				BC98E90E1A08FC7400261F9E /* JewelryList.plist in Resources */,
				BCF10B061A07278400F8F16D /* main@2x.png in Resources */,
				BCFD31AB1A0B2EBA0007F384 /* lianzhao@2x.png in Resources */,
				BC98E90C1A08F6A100261F9E /* MainViewCell.xib in Resources */,
				BCF10B941A076A9800F8F16D /* baguax@2x.png in Resources */,
				BC38EB871A0A5128001834A5 /* weaponimg@2x.png in Resources */,
				BCFD31B81A0B493B0007F384 /* ckbglabel.png in Resources */,
				BCFD31B21A0B43F70007F384 /* labelbg.png in Resources */,
				BC38EB861A0A5128001834A5 /* jewelryimg@2x.png in Resources */,
				BCF10AA11A070C9600F8F16D /* chixing.png in Resources */,
				BCF10AB71A070C9600F8F16D /* wuxing.png in Resources */,
				BCFD31891A0B149D0007F384 /* ProViewCell.xib in Resources */,
				BC19EB6E19F5379D00A3762A /* PropertyList.plist in Resources */,
				BCEE0E201A07A1F60077E890 /* RefreshView.xib in Resources */,
				BC38EB891A0A5134001834A5 /* baguaimg@2x.png in Resources */,
				BCEE0E111A076ED20077E890 /* BnsViewCell.xib in Resources */,
				BC0AAB9F1A0C79E700232357 /* Icon-58@2x.png in Resources */,
				BCEE0E1E1A07A1F60077E890 /* blueArrow@2x.png in Resources */,
				BCF10AB31A070C9600F8F16D /* shenghun.png in Resources */,
				BCFD319F1A0B23B10007F384 /* cklogo@2x.png in Resources */,
				BC98E9231A09065D00261F9E /* tianlongfull.png in Resources */,
				BCF10AA21A070C9600F8F16D /* fenghun.png in Resources */,
				BCF10AFE1A071F2900F8F16D /* source@2x.png in Resources */,
				BCFD31BB1A0B493B0007F384 /* qsbglabel.png in Resources */,
				BCFD31A31A0B23B10007F384 /* qglogo@2x.png in Resources */,
				BCFD31971A0B1C0D0007F384 /* zhzy@2x.png in Resources */,
				BC0AAB9E1A0C79E700232357 /* Icon-120@2x.png in Resources */,
				BC0B30D91A09C82300581241 /* 7.png in Resources */,
				BC19EB0119F49FEB00A3762A /* Images.xcassets in Resources */,
				BCFD31961A0B1C0D0007F384 /* qszy@2x.png in Resources */,
				BCF10AA71A070C9600F8F16D /* qingxing.png in Resources */,
				BCFD31A41A0B23B10007F384 /* qslogo@2x.png in Resources */,
				BCFD31A51A0B23B10007F384 /* zhlogo@2x.png in Resources */,
				BC0AABA01A0C79E700232357 /* Icon-80@2x.png in Resources */,
				BCEE0E1D1A07A1F60077E890 /* blueArrow.png in Resources */,
				BC98E8F71A08D82700261F9E /* bgjewelry@2x.png in Resources */,
				BCEE0E131A0774920077E890 /* weaponx@2x.png in Resources */,
				BC98E9261A09065D00261F9E /* xueren@2x.png in Resources */,
			);
			runOnlyForDeploymentPostprocessing = 0;
		};
		BC19EB0419F49FEB00A3762A /* Resources */ = {
			isa = PBXResourcesBuildPhase;
			buildActionMask = 2147483647;
			files = (
				BC19EB1219F49FEB00A3762A /* InfoPlist.strings in Resources */,
			);
			runOnlyForDeploymentPostprocessing = 0;
		};
/* End PBXResourcesBuildPhase section */

/* Begin PBXSourcesBuildPhase section */
		BC19EAE719F49FEB00A3762A /* Sources */ = {
			isa = PBXSourcesBuildPhase;
			buildActionMask = 2147483647;
			files = (
				BC19EB3B19F4BA4100A3762A /* DBManager.m in Sources */,
				BCEE0E061A076DED0077E890 /* SDImageCache.m in Sources */,
				BCEE0E0C1A076DED0077E890 /* UIImageView+WebCache.m in Sources */,
				BCFD31B01A0B3DFA0007F384 /* ProModel.m in Sources */,
				BC19EAFF19F49FEB00A3762A /* AppDelegate.m in Sources */,
				BCBC0BD71A0B9623007266C7 /* MyScrollView.m in Sources */,
				BC38EB721A0A292A001834A5 /* EquipViewController.m in Sources */,
				BC0D306D1A033B980079AF06 /* HttpRequestManager.m in Sources */,
				BCEE0E081A076DED0077E890 /* SDWebImageDownloader.m in Sources */,
				BC38EB6F1A0A27E0001834A5 /* VideoViewController.m in Sources */,
				BCEE0E1F1A07A1F60077E890 /* RefreshView.m in Sources */,
				BC98E8F51A08D13600261F9E /* JewelryViewController.m in Sources */,
				BC19EB3419F4B04900A3762A /* SrcViewController.m in Sources */,
				BC19EB4A19F4BB2900A3762A /* FMDatabase.m in Sources */,
				BCFD31841A0B128C0007F384 /* ProViewController.m in Sources */,
				BC19EB2B19F4A29D00A3762A /* BaguaViewController.m in Sources */,
				BCEE0E161A07813C0077E890 /* DetailViewController.m in Sources */,
				BC19EB4D19F4BB2900A3762A /* FMDatabaseQueue.m in Sources */,
				BC19EB6C19F535F700A3762A /* SecViewController.m in Sources */,
				BC19EB4E19F4BB2900A3762A /* FMResultSet.m in Sources */,
				BC19EB4C19F4BB2900A3762A /* FMDatabasePool.m in Sources */,
				BC0D30691A0339B50079AF06 /* BnsModel.m in Sources */,
				BCEE0E071A076DED0077E890 /* SDWebImageDecoder.m in Sources */,
				BC98E9071A08F10300261F9E /* BaseModel.m in Sources */,
				BC19EAFB19F49FEB00A3762A /* main.m in Sources */,
				BCEE0E091A076DED0077E890 /* SDWebImageManager.m in Sources */,
				BCF872EB1A02695100950D32 /* BnsViewController.m in Sources */,
				BC19EB2219F4A05A00A3762A /* MyTabBarController.m in Sources */,
				BC19EB3E19F4BA6900A3762A /* SrcModel.m in Sources */,
				BC98E90B1A08F6A100261F9E /* MainViewCell.m in Sources */,
				BCEE0E101A076ED20077E890 /* BnsViewCell.m in Sources */,
				BCFD31BF1A0B4E990007F384 /* ListViewController.m in Sources */,
				BCEE0E0A1A076DED0077E890 /* SDWebImagePrefetcher.m in Sources */,
				BCFD31881A0B149D0007F384 /* ProViewCell.m in Sources */,
				BC98E9041A08F0B200261F9E /* MainModel.m in Sources */,
				BCEE0E0B1A076DED0077E890 /* UIButton+WebCache.m in Sources */,
				BC19EB2619F4A16B00A3762A /* MainViewController.m in Sources */,
				BC19EB4B19F4BB2900A3762A /* FMDatabaseAdditions.m in Sources */,
			);
			runOnlyForDeploymentPostprocessing = 0;
		};
		BC19EB0219F49FEB00A3762A /* Sources */ = {
			isa = PBXSourcesBuildPhase;
			buildActionMask = 2147483647;
			files = (
				BC19EB1419F49FEB00A3762A /* BnSBangTests.m in Sources */,
			);
			runOnlyForDeploymentPostprocessing = 0;
		};
/* End PBXSourcesBuildPhase section */

/* Begin PBXTargetDependency section */
		BC19EB0C19F49FEB00A3762A /* PBXTargetDependency */ = {
			isa = PBXTargetDependency;
			target = BC19EAEA19F49FEB00A3762A /* BnSBang */;
			targetProxy = BC19EB0B19F49FEB00A3762A /* PBXContainerItemProxy */;
		};
/* End PBXTargetDependency section */

/* Begin PBXVariantGroup section */
		BC19EAF719F49FEB00A3762A /* InfoPlist.strings */ = {
			isa = PBXVariantGroup;
			children = (
				BC19EAF819F49FEB00A3762A /* en */,
				BC0B30DC1A09D19E00581241 /* zh-Hans */,
			);
			name = InfoPlist.strings;
			sourceTree = "<group>";
		};
		BC19EB1019F49FEB00A3762A /* InfoPlist.strings */ = {
			isa = PBXVariantGroup;
			children = (
				BC19EB1119F49FEB00A3762A /* en */,
				BC0B30DD1A09D19E00581241 /* zh-Hans */,
			);
			name = InfoPlist.strings;
			sourceTree = "<group>";
		};
/* End PBXVariantGroup section */

/* Begin XCBuildConfiguration section */
		BC19EB1519F49FEB00A3762A /* Debug */ = {
			isa = XCBuildConfiguration;
			buildSettings = {
				ALWAYS_SEARCH_USER_PATHS = NO;
				CLANG_CXX_LANGUAGE_STANDARD = "gnu++0x";
				CLANG_CXX_LIBRARY = "libc++";
				CLANG_ENABLE_MODULES = YES;
				CLANG_ENABLE_OBJC_ARC = YES;
				CLANG_WARN_BOOL_CONVERSION = YES;
				CLANG_WARN_CONSTANT_CONVERSION = YES;
				CLANG_WARN_DIRECT_OBJC_ISA_USAGE = YES_ERROR;
				CLANG_WARN_EMPTY_BODY = YES;
				CLANG_WARN_ENUM_CONVERSION = YES;
				CLANG_WARN_INT_CONVERSION = YES;
				CLANG_WARN_OBJC_ROOT_CLASS = YES_ERROR;
				CLANG_WARN__DUPLICATE_METHOD_MATCH = YES;
				"CODE_SIGN_IDENTITY[sdk=iphoneos*]" = "iPhone Developer";
				COPY_PHASE_STRIP = NO;
				GCC_C_LANGUAGE_STANDARD = gnu99;
				GCC_DYNAMIC_NO_PIC = NO;
				GCC_OPTIMIZATION_LEVEL = 0;
				GCC_PREPROCESSOR_DEFINITIONS = (
					"DEBUG=1",
					"$(inherited)",
				);
				GCC_SYMBOLS_PRIVATE_EXTERN = NO;
				GCC_WARN_64_TO_32_BIT_CONVERSION = YES;
				GCC_WARN_ABOUT_RETURN_TYPE = YES_ERROR;
				GCC_WARN_UNDECLARED_SELECTOR = YES;
				GCC_WARN_UNINITIALIZED_AUTOS = YES_AGGRESSIVE;
				GCC_WARN_UNUSED_FUNCTION = YES;
				GCC_WARN_UNUSED_VARIABLE = YES;
				IPHONEOS_DEPLOYMENT_TARGET = 7.1;
				ONLY_ACTIVE_ARCH = YES;
				SDKROOT = iphoneos;
			};
			name = Debug;
		};
		BC19EB1619F49FEB00A3762A /* Release */ = {
			isa = XCBuildConfiguration;
			buildSettings = {
				ALWAYS_SEARCH_USER_PATHS = NO;
				CLANG_CXX_LANGUAGE_STANDARD = "gnu++0x";
				CLANG_CXX_LIBRARY = "libc++";
				CLANG_ENABLE_MODULES = YES;
				CLANG_ENABLE_OBJC_ARC = YES;
				CLANG_WARN_BOOL_CONVERSION = YES;
				CLANG_WARN_CONSTANT_CONVERSION = YES;
				CLANG_WARN_DIRECT_OBJC_ISA_USAGE = YES_ERROR;
				CLANG_WARN_EMPTY_BODY = YES;
				CLANG_WARN_ENUM_CONVERSION = YES;
				CLANG_WARN_INT_CONVERSION = YES;
				CLANG_WARN_OBJC_ROOT_CLASS = YES_ERROR;
				CLANG_WARN__DUPLICATE_METHOD_MATCH = YES;
				"CODE_SIGN_IDENTITY[sdk=iphoneos*]" = "iPhone Developer";
				COPY_PHASE_STRIP = YES;
				ENABLE_NS_ASSERTIONS = NO;
				GCC_C_LANGUAGE_STANDARD = gnu99;
				GCC_WARN_64_TO_32_BIT_CONVERSION = YES;
				GCC_WARN_ABOUT_RETURN_TYPE = YES_ERROR;
				GCC_WARN_UNDECLARED_SELECTOR = YES;
				GCC_WARN_UNINITIALIZED_AUTOS = YES_AGGRESSIVE;
				GCC_WARN_UNUSED_FUNCTION = YES;
				GCC_WARN_UNUSED_VARIABLE = YES;
				IPHONEOS_DEPLOYMENT_TARGET = 7.1;
				SDKROOT = iphoneos;
				VALIDATE_PRODUCT = YES;
			};
			name = Release;
		};
		BC19EB1819F49FEB00A3762A /* Debug */ = {
			isa = XCBuildConfiguration;
			buildSettings = {
				ASSETCATALOG_COMPILER_APPICON_NAME = AppIcon;
				ASSETCATALOG_COMPILER_LAUNCHIMAGE_NAME = LaunchImage;
				GCC_PRECOMPILE_PREFIX_HEADER = YES;
				GCC_PREFIX_HEADER = "BnSBang/BnSBang-Prefix.pch";
				INFOPLIST_FILE = "BnSBang/BnSBang-Info.plist";
				PRODUCT_NAME = "$(TARGET_NAME)";
				WRAPPER_EXTENSION = app;
			};
			name = Debug;
		};
		BC19EB1919F49FEB00A3762A /* Release */ = {
			isa = XCBuildConfiguration;
			buildSettings = {
				ASSETCATALOG_COMPILER_APPICON_NAME = AppIcon;
				ASSETCATALOG_COMPILER_LAUNCHIMAGE_NAME = LaunchImage;
				GCC_PRECOMPILE_PREFIX_HEADER = YES;
				GCC_PREFIX_HEADER = "BnSBang/BnSBang-Prefix.pch";
				INFOPLIST_FILE = "BnSBang/BnSBang-Info.plist";
				PRODUCT_NAME = "$(TARGET_NAME)";
				WRAPPER_EXTENSION = app;
			};
			name = Release;
		};
		BC19EB1B19F49FEB00A3762A /* Debug */ = {
			isa = XCBuildConfiguration;
			buildSettings = {
				BUNDLE_LOADER = "$(BUILT_PRODUCTS_DIR)/BnSBang.app/BnSBang";
				FRAMEWORK_SEARCH_PATHS = (
					"$(SDKROOT)/Developer/Library/Frameworks",
					"$(inherited)",
					"$(DEVELOPER_FRAMEWORKS_DIR)",
				);
				GCC_PRECOMPILE_PREFIX_HEADER = YES;
				GCC_PREFIX_HEADER = "BnSBang/BnSBang-Prefix.pch";
				GCC_PREPROCESSOR_DEFINITIONS = (
					"DEBUG=1",
					"$(inherited)",
				);
				INFOPLIST_FILE = "BnSBangTests/BnSBangTests-Info.plist";
				PRODUCT_NAME = "$(TARGET_NAME)";
				TEST_HOST = "$(BUNDLE_LOADER)";
				WRAPPER_EXTENSION = xctest;
			};
			name = Debug;
		};
		BC19EB1C19F49FEB00A3762A /* Release */ = {
			isa = XCBuildConfiguration;
			buildSettings = {
				BUNDLE_LOADER = "$(BUILT_PRODUCTS_DIR)/BnSBang.app/BnSBang";
				FRAMEWORK_SEARCH_PATHS = (
					"$(SDKROOT)/Developer/Library/Frameworks",
					"$(inherited)",
					"$(DEVELOPER_FRAMEWORKS_DIR)",
				);
				GCC_PRECOMPILE_PREFIX_HEADER = YES;
				GCC_PREFIX_HEADER = "BnSBang/BnSBang-Prefix.pch";
				INFOPLIST_FILE = "BnSBangTests/BnSBangTests-Info.plist";
				PRODUCT_NAME = "$(TARGET_NAME)";
				TEST_HOST = "$(BUNDLE_LOADER)";
				WRAPPER_EXTENSION = xctest;
			};
			name = Release;
		};
/* End XCBuildConfiguration section */

/* Begin XCConfigurationList section */
		BC19EAE619F49FEB00A3762A /* Build configuration list for PBXProject "BnSBang" */ = {
			isa = XCConfigurationList;
			buildConfigurations = (
				BC19EB1519F49FEB00A3762A /* Debug */,
				BC19EB1619F49FEB00A3762A /* Release */,
			);
			defaultConfigurationIsVisible = 0;
			defaultConfigurationName = Release;
		};
		BC19EB1719F49FEB00A3762A /* Build configuration list for PBXNativeTarget "BnSBang" */ = {
			isa = XCConfigurationList;
			buildConfigurations = (
				BC19EB1819F49FEB00A3762A /* Debug */,
				BC19EB1919F49FEB00A3762A /* Release */,
			);
			defaultConfigurationIsVisible = 0;
			defaultConfigurationName = Release;
		};
		BC19EB1A19F49FEB00A3762A /* Build configuration list for PBXNativeTarget "BnSBangTests" */ = {
			isa = XCConfigurationList;
			buildConfigurations = (
				BC19EB1B19F49FEB00A3762A /* Debug */,
				BC19EB1C19F49FEB00A3762A /* Release */,
			);
			defaultConfigurationIsVisible = 0;
			defaultConfigurationName = Release;
		};
/* End XCConfigurationList section */
	};
	rootObject = BC19EAE319F49FEB00A3762A /* Project object */;
}
